{
  "originHash" : "bd351933de9cc470dddecc0e882193ed5b7a4dd536a817a9a8c39ce41ddc0c53",
  "pins" : [
    {
      "identity" : "orsserialport",
      "kind" : "remoteSourceControl",
      "location" : "https://github.com/armadsen/ORSSerialPort.git",
      "state" : {
        "revision" : "58a8cc454304e22280f184c2d2e25ecb3d5a74c5",
        "version" : "2.1.0"
      }
    },
    {
      "identity" : "sgdcc",
      "kind" : "remoteSourceControl",
      "location" : "https://github.com/pclwillmott/SGDCC",
      "state" : {
        "revision" : "797fc202a204d62dd14271e1751fa6aab0c181c7",
        "version" : "0.0.4"
      }
    },
    {
      "identity" : "sginteger",
      "kind" : "remoteSourceControl",
      "location" : "https://github.com/pclwillmott/SGInteger",
      "state" : {
        "revision" : "672efa18fce60a459ed833d0a9663e342226d50d",
        "version" : "0.0.4"
      }
    },
    {
      "identity" : "sgloconet",
      "kind" : "remoteSourceControl",
      "location" : "https://github.com/pclwillmott/SGLocoNet",
      "state" : {
        "branch" : "main",
        "revision" : "5615832877ba2b62d683a8241f805e7764b28c7c"
      }
    },
    {
      "identity" : "sgunitconversion",
      "kind" : "remoteSourceControl",
      "location" : "https://github.com/pclwillmott/SGUnitConversion",
      "state" : {
        "branch" : "main",
        "revision" : "e838bae513d695d92b3fd9b809e0cfe83c1b19cd"
      }
    }
  ],
  "version" : 3
}
