{
  "originHash" : "d501ed30349105eb2ea535de65b5aafac1f5c9ee4e5d22cc5a5334a33719fc1a",
  "pins" : [
    {
      "identity" : "orsserialport",
      "kind" : "remoteSourceControl",
      "location" : "https://github.com/armadsen/ORSSerialPort.git",
      "state" : {
        "revision" : "58a8cc454304e22280f184c2d2e25ecb3d5a74c5",
        "version" : "2.1.0"
      }
    },
    {
      "identity" : "sginteger",
      "kind" : "remoteSourceControl",
      "location" : "https://github.com/pclwillmott/SGInteger",
      "state" : {
        "revision" : "672efa18fce60a459ed833d0a9663e342226d50d",
        "version" : "0.0.4"
      }
    },
    {
      "identity" : "sgloconet",
      "kind" : "remoteSourceControl",
      "location" : "https://github.com/pclwillmott/SGLocoNet",
      "state" : {
        "branch" : "main",
        "revision" : "5df45847107901cfd095d8f93f304b9325b20b06"
      }
    },
    {
      "identity" : "sgunitconversion",
      "kind" : "remoteSourceControl",
      "location" : "https://github.com/pclwillmott/SGUnitConversion",
      "state" : {
        "branch" : "main",
        "revision" : "806d0ab527aa842faa8a66547a5e94d54b770666"
      }
    }
  ],
  "version" : 3
}
