{
  "originHash" : "2f440b5964e3ddb645cbbd3c4360d089707539d9c6dc713c053ba4ae308fbe6b",
  "pins" : [
    {
      "identity" : "orsserialport",
      "kind" : "remoteSourceControl",
      "location" : "https://github.com/armadsen/ORSSerialPort.git",
      "state" : {
        "revision" : "58a8cc454304e22280f184c2d2e25ecb3d5a74c5",
        "version" : "2.1.0"
      }
    },
    {
      "identity" : "sgappkit",
      "kind" : "remoteSourceControl",
      "location" : "https://github.com/pclwillmott/SGAppKit",
      "state" : {
        "revision" : "7f6a9f3ff3e443345800d1a45d357bc4b4ba9147",
        "version" : "0.0.14"
      }
    },
    {
      "identity" : "sgdcc",
      "kind" : "remoteSourceControl",
      "location" : "https://github.com/pclwillmott/SGDCC",
      "state" : {
        "revision" : "797fc202a204d62dd14271e1751fa6aab0c181c7",
        "version" : "0.0.5"
      }
    },
    {
      "identity" : "sginteger",
      "kind" : "remoteSourceControl",
      "location" : "https://github.com/pclwillmott/SGInteger",
      "state" : {
        "revision" : "bc2b2ac6213c74cc6a13d5018e2340f6e116861a",
        "version" : "0.0.6"
      }
    },
    {
      "identity" : "sgloconet",
      "kind" : "remoteSourceControl",
      "location" : "https://github.com/pclwillmott/SGLocoNet",
      "state" : {
        "revision" : "5615832877ba2b62d683a8241f805e7764b28c7c",
        "version" : "0.0.5"
      }
    },
    {
      "identity" : "sgprogrammercore",
      "kind" : "remoteSourceControl",
      "location" : "https://github.com/pclwillmott/SGProgrammerCore",
      "state" : {
        "revision" : "2f1e71d54238277be814990d19c15adc2caaeeb6",
        "version" : "0.0.15"
      }
    },
    {
      "identity" : "sgunitconversion",
      "kind" : "remoteSourceControl",
      "location" : "https://github.com/pclwillmott/SGUnitConversion",
      "state" : {
        "revision" : "e838bae513d695d92b3fd9b809e0cfe83c1b19cd",
        "version" : "0.0.5"
      }
    }
  ],
  "version" : 3
}
