// !$*UTF8*$!
{
	archiveVersion = 1;
	classes = {
	};
	objectVersion = 55;
	objects = {

/* Begin PBXBuildFile section */
		DA2E0E55273591A600C7DA7A /* LoconetTurnoutOutputMessage.swift in Sources */ = {isa = PBXBuildFile; fileRef = DA2E0E54273591A600C7DA7A /* LoconetTurnoutOutputMessage.swift */; };
		DA2E0E5827359ED300C7DA7A /* LoconetLongAcknowledgeMessage.swift in Sources */ = {isa = PBXBuildFile; fileRef = DA2E0E5727359ED300C7DA7A /* LoconetLongAcknowledgeMessage.swift */; };
		DA2E0E5A2736B8AA00C7DA7A /* LoconetRequestSlotDataMessage.swift in Sources */ = {isa = PBXBuildFile; fileRef = DA2E0E592736B8AA00C7DA7A /* LoconetRequestSlotDataMessage.swift */; };
		DA2E0E5C2736C31C00C7DA7A /* LoconetSlot.swift in Sources */ = {isa = PBXBuildFile; fileRef = DA2E0E5B2736C31C00C7DA7A /* LoconetSlot.swift */; };
		DA2E0E5E2736EAF300C7DA7A /* LoconetController.swift in Sources */ = {isa = PBXBuildFile; fileRef = DA2E0E5D2736EAF300C7DA7A /* LoconetController.swift */; };
		DA5E173E272EB23100F9341F /* LoconetSensorMessage.swift in Sources */ = {isa = PBXBuildFile; fileRef = DA5E173D272EB23100F9341F /* LoconetSensorMessage.swift */; };
		DA5E1741272ED2DF00F9341F /* LoconetSwitchRequestMessage.swift in Sources */ = {isa = PBXBuildFile; fileRef = DA5E1740272ED2DF00F9341F /* LoconetSwitchRequestMessage.swift */; };
		DA5E1743272EDA5B00F9341F /* LoconetSlotDataMessage.swift in Sources */ = {isa = PBXBuildFile; fileRef = DA5E1742272EDA5B00F9341F /* LoconetSlotDataMessage.swift */; };
		DA6A0AD8275295BF00913F2B /* Monitor.storyboard in Resources */ = {isa = PBXBuildFile; fileRef = DA6A0AD7275295BF00913F2B /* Monitor.storyboard */; };
		DA6A0ADA2752976800913F2B /* MonitorVC.swift in Sources */ = {isa = PBXBuildFile; fileRef = DA6A0AD92752976800913F2B /* MonitorVC.swift */; };
		DA6A0ADC27529D6600913F2B /* ModalWindow.swift in Sources */ = {isa = PBXBuildFile; fileRef = DA6A0ADB27529D6600913F2B /* ModalWindow.swift */; };
		DA6F3926274FD0C400A63FBF /* PeerXfer20.swift in Sources */ = {isa = PBXBuildFile; fileRef = DA6F3925274FD0C400A63FBF /* PeerXfer20.swift */; };
		DA7A4910274A89FE00C2A42B /* FastClockMessage.swift in Sources */ = {isa = PBXBuildFile; fileRef = DA7A490F274A89FE00C2A42B /* FastClockMessage.swift */; };
		DA7A4912274AC25600C2A42B /* PeerXferMessage.swift in Sources */ = {isa = PBXBuildFile; fileRef = DA7A4911274AC25600C2A42B /* PeerXferMessage.swift */; };
		DA7B4727273803BA00BCD587 /* Locomotive.swift in Sources */ = {isa = PBXBuildFile; fileRef = DA7B4726273803BA00BCD587 /* Locomotive.swift */; };
		DA7B472A273824F700BCD587 /* LoconetQueueItem.swift in Sources */ = {isa = PBXBuildFile; fileRef = DA7B4729273824F700BCD587 /* LoconetQueueItem.swift */; };
		DA8FC5E6272C3F8100FCCFCA /* ORSSerial.framework in Frameworks */ = {isa = PBXBuildFile; fileRef = DA8FC5E0272C3EE800FCCFCA /* ORSSerial.framework */; };
		DA8FC5E8272C759A00FCCFCA /* LoconetMessenger.swift in Sources */ = {isa = PBXBuildFile; fileRef = DA8FC5E7272C759A00FCCFCA /* LoconetMessenger.swift */; };
		DAA83DEB272C37670075CBCD /* AppDelegate.swift in Sources */ = {isa = PBXBuildFile; fileRef = DAA83DEA272C37670075CBCD /* AppDelegate.swift */; };
		DAA83DED272C37670075CBCD /* MainVC.swift in Sources */ = {isa = PBXBuildFile; fileRef = DAA83DEC272C37670075CBCD /* MainVC.swift */; };
		DAA83DEF272C37680075CBCD /* Assets.xcassets in Resources */ = {isa = PBXBuildFile; fileRef = DAA83DEE272C37680075CBCD /* Assets.xcassets */; };
		DAA83DF2272C37680075CBCD /* Main.storyboard in Resources */ = {isa = PBXBuildFile; fileRef = DAA83DF0272C37680075CBCD /* Main.storyboard */; };
		DAEA9CF7272D8DA900C9B3EC /* LoconetConstants.swift in Sources */ = {isa = PBXBuildFile; fileRef = DAEA9CF6272D8DA900C9B3EC /* LoconetConstants.swift */; };
		DAEA9CFA272D8FBE00C9B3EC /* Message.swift in Sources */ = {isa = PBXBuildFile; fileRef = DAEA9CF9272D8FBE00C9B3EC /* Message.swift */; };
/* End PBXBuildFile section */

/* Begin PBXContainerItemProxy section */
		DA8FC5DF272C3EE800FCCFCA /* PBXContainerItemProxy */ = {
			isa = PBXContainerItemProxy;
			containerPortal = DA8FC5DA272C3EE800FCCFCA /* ORSSerialPort.xcodeproj */;
			proxyType = 2;
			remoteGlobalIDString = 9DCA89121A2BB106009285EB;
			remoteInfo = ORSSerial;
		};
		DA8FC5E1272C3EE800FCCFCA /* PBXContainerItemProxy */ = {
			isa = PBXContainerItemProxy;
			containerPortal = DA8FC5DA272C3EE800FCCFCA /* ORSSerialPort.xcodeproj */;
			proxyType = 2;
			remoteGlobalIDString = 9D7472131B6D7767002D8B10;
			remoteInfo = "ORSSerialPort Tests";
		};
		DA8FC5E3272C3F6600FCCFCA /* PBXContainerItemProxy */ = {
			isa = PBXContainerItemProxy;
			containerPortal = DA8FC5DA272C3EE800FCCFCA /* ORSSerialPort.xcodeproj */;
			proxyType = 1;
			remoteGlobalIDString = 9DCA89111A2BB106009285EB;
			remoteInfo = ORSSerial;
		};
/* End PBXContainerItemProxy section */

/* Begin PBXFileReference section */
		DA2E0E54273591A600C7DA7A /* LoconetTurnoutOutputMessage.swift */ = {isa = PBXFileReference; lastKnownFileType = sourcecode.swift; path = LoconetTurnoutOutputMessage.swift; sourceTree = "<group>"; };
		DA2E0E5727359ED300C7DA7A /* LoconetLongAcknowledgeMessage.swift */ = {isa = PBXFileReference; lastKnownFileType = sourcecode.swift; path = LoconetLongAcknowledgeMessage.swift; sourceTree = "<group>"; };
		DA2E0E592736B8AA00C7DA7A /* LoconetRequestSlotDataMessage.swift */ = {isa = PBXFileReference; lastKnownFileType = sourcecode.swift; path = LoconetRequestSlotDataMessage.swift; sourceTree = "<group>"; };
		DA2E0E5B2736C31C00C7DA7A /* LoconetSlot.swift */ = {isa = PBXFileReference; lastKnownFileType = sourcecode.swift; path = LoconetSlot.swift; sourceTree = "<group>"; };
		DA2E0E5D2736EAF300C7DA7A /* LoconetController.swift */ = {isa = PBXFileReference; lastKnownFileType = sourcecode.swift; path = LoconetController.swift; sourceTree = "<group>"; };
		DA5E173D272EB23100F9341F /* LoconetSensorMessage.swift */ = {isa = PBXFileReference; lastKnownFileType = sourcecode.swift; path = LoconetSensorMessage.swift; sourceTree = "<group>"; };
		DA5E1740272ED2DF00F9341F /* LoconetSwitchRequestMessage.swift */ = {isa = PBXFileReference; lastKnownFileType = sourcecode.swift; path = LoconetSwitchRequestMessage.swift; sourceTree = "<group>"; };
		DA5E1742272EDA5B00F9341F /* LoconetSlotDataMessage.swift */ = {isa = PBXFileReference; lastKnownFileType = sourcecode.swift; path = LoconetSlotDataMessage.swift; sourceTree = "<group>"; };
		DA6A0AD7275295BF00913F2B /* Monitor.storyboard */ = {isa = PBXFileReference; lastKnownFileType = file.storyboard; path = Monitor.storyboard; sourceTree = "<group>"; };
		DA6A0AD92752976800913F2B /* MonitorVC.swift */ = {isa = PBXFileReference; lastKnownFileType = sourcecode.swift; path = MonitorVC.swift; sourceTree = "<group>"; };
		DA6A0ADB27529D6600913F2B /* ModalWindow.swift */ = {isa = PBXFileReference; lastKnownFileType = sourcecode.swift; path = ModalWindow.swift; sourceTree = "<group>"; };
		DA6F3925274FD0C400A63FBF /* PeerXfer20.swift */ = {isa = PBXFileReference; lastKnownFileType = sourcecode.swift; path = PeerXfer20.swift; sourceTree = "<group>"; };
		DA7A490F274A89FE00C2A42B /* FastClockMessage.swift */ = {isa = PBXFileReference; lastKnownFileType = sourcecode.swift; path = FastClockMessage.swift; sourceTree = "<group>"; };
		DA7A4911274AC25600C2A42B /* PeerXferMessage.swift */ = {isa = PBXFileReference; lastKnownFileType = sourcecode.swift; path = PeerXferMessage.swift; sourceTree = "<group>"; };
		DA7B4726273803BA00BCD587 /* Locomotive.swift */ = {isa = PBXFileReference; lastKnownFileType = sourcecode.swift; path = Locomotive.swift; sourceTree = "<group>"; };
		DA7B4729273824F700BCD587 /* LoconetQueueItem.swift */ = {isa = PBXFileReference; lastKnownFileType = sourcecode.swift; path = LoconetQueueItem.swift; sourceTree = "<group>"; };
		DA8FC5DA272C3EE800FCCFCA /* ORSSerialPort.xcodeproj */ = {isa = PBXFileReference; lastKnownFileType = "wrapper.pb-project"; name = ORSSerialPort.xcodeproj; path = "Frameworks/ORSSerialPort/Framework Project/ORSSerialPort.xcodeproj"; sourceTree = "<group>"; };
		DA8FC5E7272C759A00FCCFCA /* LoconetMessenger.swift */ = {isa = PBXFileReference; lastKnownFileType = sourcecode.swift; path = LoconetMessenger.swift; sourceTree = "<group>"; };
		DAA83DE7272C37670075CBCD /* MyTrains.app */ = {isa = PBXFileReference; explicitFileType = wrapper.application; includeInIndex = 0; path = MyTrains.app; sourceTree = BUILT_PRODUCTS_DIR; };
		DAA83DEA272C37670075CBCD /* AppDelegate.swift */ = {isa = PBXFileReference; lastKnownFileType = sourcecode.swift; path = AppDelegate.swift; sourceTree = "<group>"; };
		DAA83DEC272C37670075CBCD /* MainVC.swift */ = {isa = PBXFileReference; lastKnownFileType = sourcecode.swift; path = MainVC.swift; sourceTree = "<group>"; };
		DAA83DEE272C37680075CBCD /* Assets.xcassets */ = {isa = PBXFileReference; lastKnownFileType = folder.assetcatalog; path = Assets.xcassets; sourceTree = "<group>"; };
		DAA83DF1272C37680075CBCD /* Base */ = {isa = PBXFileReference; lastKnownFileType = file.storyboard; name = Base; path = Base.lproj/Main.storyboard; sourceTree = "<group>"; };
		DAA83DF3272C37680075CBCD /* MyTrains.entitlements */ = {isa = PBXFileReference; lastKnownFileType = text.plist.entitlements; path = MyTrains.entitlements; sourceTree = "<group>"; };
		DAEA9CF6272D8DA900C9B3EC /* LoconetConstants.swift */ = {isa = PBXFileReference; lastKnownFileType = sourcecode.swift; path = LoconetConstants.swift; sourceTree = "<group>"; };
		DAEA9CF9272D8FBE00C9B3EC /* Message.swift */ = {isa = PBXFileReference; lastKnownFileType = sourcecode.swift; path = Message.swift; sourceTree = "<group>"; };
/* End PBXFileReference section */

/* Begin PBXFrameworksBuildPhase section */
		DAA83DE4272C37670075CBCD /* Frameworks */ = {
			isa = PBXFrameworksBuildPhase;
			buildActionMask = 2147483647;
			files = (
				DA8FC5E6272C3F8100FCCFCA /* ORSSerial.framework in Frameworks */,
			);
			runOnlyForDeploymentPostprocessing = 0;
		};
/* End PBXFrameworksBuildPhase section */

/* Begin PBXGroup section */
		DA8FC5DB272C3EE800FCCFCA /* Products */ = {
			isa = PBXGroup;
			children = (
				DA8FC5E0272C3EE800FCCFCA /* ORSSerial.framework */,
				DA8FC5E2272C3EE800FCCFCA /* ORSSerialPort Tests.xctest */,
			);
			name = Products;
			sourceTree = "<group>";
		};
		DA8FC5E5272C3F8100FCCFCA /* Frameworks */ = {
			isa = PBXGroup;
			children = (
			);
			name = Frameworks;
			sourceTree = "<group>";
		};
		DAA83DDE272C37670075CBCD = {
			isa = PBXGroup;
			children = (
				DA8FC5DA272C3EE800FCCFCA /* ORSSerialPort.xcodeproj */,
				DAA83DE9272C37670075CBCD /* MyTrains */,
				DAA83DE8272C37670075CBCD /* Products */,
				DA8FC5E5272C3F8100FCCFCA /* Frameworks */,
			);
			sourceTree = "<group>";
		};
		DAA83DE8272C37670075CBCD /* Products */ = {
			isa = PBXGroup;
			children = (
				DAA83DE7272C37670075CBCD /* MyTrains.app */,
			);
			name = Products;
			sourceTree = "<group>";
		};
		DAA83DE9272C37670075CBCD /* MyTrains */ = {
			isa = PBXGroup;
			children = (
				DAA83DEA272C37670075CBCD /* AppDelegate.swift */,
				DA6A0ADB27529D6600913F2B /* ModalWindow.swift */,
				DAA83DEC272C37670075CBCD /* MainVC.swift */,
				DAA83DEE272C37680075CBCD /* Assets.xcassets */,
				DAA83DF0272C37680075CBCD /* Main.storyboard */,
				DAA83DF3272C37680075CBCD /* MyTrains.entitlements */,
				DA8FC5E7272C759A00FCCFCA /* LoconetMessenger.swift */,
				DA7A4911274AC25600C2A42B /* PeerXferMessage.swift */,
				DA6F3925274FD0C400A63FBF /* PeerXfer20.swift */,
				DA7A490F274A89FE00C2A42B /* FastClockMessage.swift */,
				DA2E0E5D2736EAF300C7DA7A /* LoconetController.swift */,
				DA6A0AD7275295BF00913F2B /* Monitor.storyboard */,
				DA6A0AD92752976800913F2B /* MonitorVC.swift */,
				DA7B4726273803BA00BCD587 /* Locomotive.swift */,
				DA2E0E5B2736C31C00C7DA7A /* LoconetSlot.swift */,
				DA7B4729273824F700BCD587 /* LoconetQueueItem.swift */,
				DA2E0E54273591A600C7DA7A /* LoconetTurnoutOutputMessage.swift */,
				DA2E0E592736B8AA00C7DA7A /* LoconetRequestSlotDataMessage.swift */,
				DAEA9CF9272D8FBE00C9B3EC /* Message.swift */,
				DA5E1742272EDA5B00F9341F /* LoconetSlotDataMessage.swift */,
				DA5E173D272EB23100F9341F /* LoconetSensorMessage.swift */,
				DA5E1740272ED2DF00F9341F /* LoconetSwitchRequestMessage.swift */,
				DA2E0E5727359ED300C7DA7A /* LoconetLongAcknowledgeMessage.swift */,
				DAEA9CF6272D8DA900C9B3EC /* LoconetConstants.swift */,
			);
			path = MyTrains;
			sourceTree = "<group>";
		};
/* End PBXGroup section */

/* Begin PBXNativeTarget section */
		DAA83DE6272C37670075CBCD /* MyTrains */ = {
			isa = PBXNativeTarget;
			buildConfigurationList = DAA83DF6272C37680075CBCD /* Build configuration list for PBXNativeTarget "MyTrains" */;
			buildPhases = (
				DAA83DE3272C37670075CBCD /* Sources */,
				DAA83DE4272C37670075CBCD /* Frameworks */,
				DAA83DE5272C37670075CBCD /* Resources */,
			);
			buildRules = (
			);
			dependencies = (
				DA8FC5E4272C3F6600FCCFCA /* PBXTargetDependency */,
			);
			name = MyTrains;
			productName = MyTrains;
			productReference = DAA83DE7272C37670075CBCD /* MyTrains.app */;
			productType = "com.apple.product-type.application";
		};
/* End PBXNativeTarget section */

/* Begin PBXProject section */
		DAA83DDF272C37670075CBCD /* Project object */ = {
			isa = PBXProject;
			attributes = {
				BuildIndependentTargetsInParallel = 1;
				LastSwiftUpdateCheck = 1310;
				LastUpgradeCheck = 1310;
				TargetAttributes = {
					DAA83DE6272C37670075CBCD = {
						CreatedOnToolsVersion = 13.1;
					};
				};
			};
			buildConfigurationList = DAA83DE2272C37670075CBCD /* Build configuration list for PBXProject "MyTrains" */;
			compatibilityVersion = "Xcode 13.0";
			developmentRegion = en;
			hasScannedForEncodings = 0;
			knownRegions = (
				en,
				Base,
			);
			mainGroup = DAA83DDE272C37670075CBCD;
			productRefGroup = DAA83DE8272C37670075CBCD /* Products */;
			projectDirPath = "";
			projectReferences = (
				{
					ProductGroup = DA8FC5DB272C3EE800FCCFCA /* Products */;
					ProjectRef = DA8FC5DA272C3EE800FCCFCA /* ORSSerialPort.xcodeproj */;
				},
			);
			projectRoot = "";
			targets = (
				DAA83DE6272C37670075CBCD /* MyTrains */,
			);
		};
/* End PBXProject section */

/* Begin PBXReferenceProxy section */
		DA8FC5E0272C3EE800FCCFCA /* ORSSerial.framework */ = {
			isa = PBXReferenceProxy;
			fileType = wrapper.framework;
			path = ORSSerial.framework;
			remoteRef = DA8FC5DF272C3EE800FCCFCA /* PBXContainerItemProxy */;
			sourceTree = BUILT_PRODUCTS_DIR;
		};
		DA8FC5E2272C3EE800FCCFCA /* ORSSerialPort Tests.xctest */ = {
			isa = PBXReferenceProxy;
			fileType = wrapper.cfbundle;
			path = "ORSSerialPort Tests.xctest";
			remoteRef = DA8FC5E1272C3EE800FCCFCA /* PBXContainerItemProxy */;
			sourceTree = BUILT_PRODUCTS_DIR;
		};
/* End PBXReferenceProxy section */

/* Begin PBXResourcesBuildPhase section */
		DAA83DE5272C37670075CBCD /* Resources */ = {
			isa = PBXResourcesBuildPhase;
			buildActionMask = 2147483647;
			files = (
				DAA83DEF272C37680075CBCD /* Assets.xcassets in Resources */,
				DA6A0AD8275295BF00913F2B /* Monitor.storyboard in Resources */,
				DAA83DF2272C37680075CBCD /* Main.storyboard in Resources */,
			);
			runOnlyForDeploymentPostprocessing = 0;
		};
/* End PBXResourcesBuildPhase section */

/* Begin PBXSourcesBuildPhase section */
		DAA83DE3272C37670075CBCD /* Sources */ = {
			isa = PBXSourcesBuildPhase;
			buildActionMask = 2147483647;
			files = (
				DA7A4910274A89FE00C2A42B /* FastClockMessage.swift in Sources */,
				DA2E0E55273591A600C7DA7A /* LoconetTurnoutOutputMessage.swift in Sources */,
				DA2E0E5E2736EAF300C7DA7A /* LoconetController.swift in Sources */,
				DA7B472A273824F700BCD587 /* LoconetQueueItem.swift in Sources */,
				DA6F3926274FD0C400A63FBF /* PeerXfer20.swift in Sources */,
				DAA83DED272C37670075CBCD /* MainVC.swift in Sources */,
				DA2E0E5C2736C31C00C7DA7A /* LoconetSlot.swift in Sources */,
				DA7B4727273803BA00BCD587 /* Locomotive.swift in Sources */,
				DAA83DEB272C37670075CBCD /* AppDelegate.swift in Sources */,
				DA7A4912274AC25600C2A42B /* PeerXferMessage.swift in Sources */,
				DA6A0ADA2752976800913F2B /* MonitorVC.swift in Sources */,
				DA5E173E272EB23100F9341F /* LoconetSensorMessage.swift in Sources */,
				DAEA9CF7272D8DA900C9B3EC /* LoconetConstants.swift in Sources */,
				DA2E0E5A2736B8AA00C7DA7A /* LoconetRequestSlotDataMessage.swift in Sources */,
				DA2E0E5827359ED300C7DA7A /* LoconetLongAcknowledgeMessage.swift in Sources */,
				DA5E1743272EDA5B00F9341F /* LoconetSlotDataMessage.swift in Sources */,
				DAEA9CFA272D8FBE00C9B3EC /* Message.swift in Sources */,
				DA6A0ADC27529D6600913F2B /* ModalWindow.swift in Sources */,
				DA8FC5E8272C759A00FCCFCA /* LoconetMessenger.swift in Sources */,
				DA5E1741272ED2DF00F9341F /* LoconetSwitchRequestMessage.swift in Sources */,
			);
			runOnlyForDeploymentPostprocessing = 0;
		};
/* End PBXSourcesBuildPhase section */

/* Begin PBXTargetDependency section */
		DA8FC5E4272C3F6600FCCFCA /* PBXTargetDependency */ = {
			isa = PBXTargetDependency;
			name = ORSSerial;
			targetProxy = DA8FC5E3272C3F6600FCCFCA /* PBXContainerItemProxy */;
		};
/* End PBXTargetDependency section */

/* Begin PBXVariantGroup section */
		DAA83DF0272C37680075CBCD /* Main.storyboard */ = {
			isa = PBXVariantGroup;
			children = (
				DAA83DF1272C37680075CBCD /* Base */,
			);
			name = Main.storyboard;
			sourceTree = "<group>";
		};
/* End PBXVariantGroup section */

/* Begin XCBuildConfiguration section */
		DAA83DF4272C37680075CBCD /* Debug */ = {
			isa = XCBuildConfiguration;
			buildSettings = {
				ALWAYS_SEARCH_USER_PATHS = NO;
				CLANG_ANALYZER_NONNULL = YES;
				CLANG_ANALYZER_NUMBER_OBJECT_CONVERSION = YES_AGGRESSIVE;
				CLANG_CXX_LANGUAGE_STANDARD = "gnu++17";
				CLANG_CXX_LIBRARY = "libc++";
				CLANG_ENABLE_MODULES = YES;
				CLANG_ENABLE_OBJC_ARC = YES;
				CLANG_ENABLE_OBJC_WEAK = YES;
				CLANG_WARN_BLOCK_CAPTURE_AUTORELEASING = YES;
				CLANG_WARN_BOOL_CONVERSION = YES;
				CLANG_WARN_COMMA = YES;
				CLANG_WARN_CONSTANT_CONVERSION = YES;
				CLANG_WARN_DEPRECATED_OBJC_IMPLEMENTATIONS = YES;
				CLANG_WARN_DIRECT_OBJC_ISA_USAGE = YES_ERROR;
				CLANG_WARN_DOCUMENTATION_COMMENTS = YES;
				CLANG_WARN_EMPTY_BODY = YES;
				CLANG_WARN_ENUM_CONVERSION = YES;
				CLANG_WARN_INFINITE_RECURSION = YES;
				CLANG_WARN_INT_CONVERSION = YES;
				CLANG_WARN_NON_LITERAL_NULL_CONVERSION = YES;
				CLANG_WARN_OBJC_IMPLICIT_RETAIN_SELF = YES;
				CLANG_WARN_OBJC_LITERAL_CONVERSION = YES;
				CLANG_WARN_OBJC_ROOT_CLASS = YES_ERROR;
				CLANG_WARN_QUOTED_INCLUDE_IN_FRAMEWORK_HEADER = YES;
				CLANG_WARN_RANGE_LOOP_ANALYSIS = YES;
				CLANG_WARN_STRICT_PROTOTYPES = YES;
				CLANG_WARN_SUSPICIOUS_MOVE = YES;
				CLANG_WARN_UNGUARDED_AVAILABILITY = YES_AGGRESSIVE;
				CLANG_WARN_UNREACHABLE_CODE = YES;
				CLANG_WARN__DUPLICATE_METHOD_MATCH = YES;
				COPY_PHASE_STRIP = NO;
				DEBUG_INFORMATION_FORMAT = dwarf;
				ENABLE_STRICT_OBJC_MSGSEND = YES;
				ENABLE_TESTABILITY = YES;
				GCC_C_LANGUAGE_STANDARD = gnu11;
				GCC_DYNAMIC_NO_PIC = NO;
				GCC_NO_COMMON_BLOCKS = YES;
				GCC_OPTIMIZATION_LEVEL = 0;
				GCC_PREPROCESSOR_DEFINITIONS = (
					"DEBUG=1",
					"$(inherited)",
				);
				GCC_WARN_64_TO_32_BIT_CONVERSION = YES;
				GCC_WARN_ABOUT_RETURN_TYPE = YES_ERROR;
				GCC_WARN_UNDECLARED_SELECTOR = YES;
				GCC_WARN_UNINITIALIZED_AUTOS = YES_AGGRESSIVE;
				GCC_WARN_UNUSED_FUNCTION = YES;
				GCC_WARN_UNUSED_VARIABLE = YES;
				MACOSX_DEPLOYMENT_TARGET = 12.0;
				MTL_ENABLE_DEBUG_INFO = INCLUDE_SOURCE;
				MTL_FAST_MATH = YES;
				ONLY_ACTIVE_ARCH = YES;
				SDKROOT = macosx;
				SWIFT_ACTIVE_COMPILATION_CONDITIONS = DEBUG;
				SWIFT_OPTIMIZATION_LEVEL = "-Onone";
			};
			name = Debug;
		};
		DAA83DF5272C37680075CBCD /* Release */ = {
			isa = XCBuildConfiguration;
			buildSettings = {
				ALWAYS_SEARCH_USER_PATHS = NO;
				CLANG_ANALYZER_NONNULL = YES;
				CLANG_ANALYZER_NUMBER_OBJECT_CONVERSION = YES_AGGRESSIVE;
				CLANG_CXX_LANGUAGE_STANDARD = "gnu++17";
				CLANG_CXX_LIBRARY = "libc++";
				CLANG_ENABLE_MODULES = YES;
				CLANG_ENABLE_OBJC_ARC = YES;
				CLANG_ENABLE_OBJC_WEAK = YES;
				CLANG_WARN_BLOCK_CAPTURE_AUTORELEASING = YES;
				CLANG_WARN_BOOL_CONVERSION = YES;
				CLANG_WARN_COMMA = YES;
				CLANG_WARN_CONSTANT_CONVERSION = YES;
				CLANG_WARN_DEPRECATED_OBJC_IMPLEMENTATIONS = YES;
				CLANG_WARN_DIRECT_OBJC_ISA_USAGE = YES_ERROR;
				CLANG_WARN_DOCUMENTATION_COMMENTS = YES;
				CLANG_WARN_EMPTY_BODY = YES;
				CLANG_WARN_ENUM_CONVERSION = YES;
				CLANG_WARN_INFINITE_RECURSION = YES;
				CLANG_WARN_INT_CONVERSION = YES;
				CLANG_WARN_NON_LITERAL_NULL_CONVERSION = YES;
				CLANG_WARN_OBJC_IMPLICIT_RETAIN_SELF = YES;
				CLANG_WARN_OBJC_LITERAL_CONVERSION = YES;
				CLANG_WARN_OBJC_ROOT_CLASS = YES_ERROR;
				CLANG_WARN_QUOTED_INCLUDE_IN_FRAMEWORK_HEADER = YES;
				CLANG_WARN_RANGE_LOOP_ANALYSIS = YES;
				CLANG_WARN_STRICT_PROTOTYPES = YES;
				CLANG_WARN_SUSPICIOUS_MOVE = YES;
				CLANG_WARN_UNGUARDED_AVAILABILITY = YES_AGGRESSIVE;
				CLANG_WARN_UNREACHABLE_CODE = YES;
				CLANG_WARN__DUPLICATE_METHOD_MATCH = YES;
				COPY_PHASE_STRIP = NO;
				DEBUG_INFORMATION_FORMAT = "dwarf-with-dsym";
				ENABLE_NS_ASSERTIONS = NO;
				ENABLE_STRICT_OBJC_MSGSEND = YES;
				GCC_C_LANGUAGE_STANDARD = gnu11;
				GCC_NO_COMMON_BLOCKS = YES;
				GCC_WARN_64_TO_32_BIT_CONVERSION = YES;
				GCC_WARN_ABOUT_RETURN_TYPE = YES_ERROR;
				GCC_WARN_UNDECLARED_SELECTOR = YES;
				GCC_WARN_UNINITIALIZED_AUTOS = YES_AGGRESSIVE;
				GCC_WARN_UNUSED_FUNCTION = YES;
				GCC_WARN_UNUSED_VARIABLE = YES;
				MACOSX_DEPLOYMENT_TARGET = 12.0;
				MTL_ENABLE_DEBUG_INFO = NO;
				MTL_FAST_MATH = YES;
				SDKROOT = macosx;
				SWIFT_COMPILATION_MODE = wholemodule;
				SWIFT_OPTIMIZATION_LEVEL = "-O";
			};
			name = Release;
		};
		DAA83DF7272C37680075CBCD /* Debug */ = {
			isa = XCBuildConfiguration;
			buildSettings = {
				ASSETCATALOG_COMPILER_APPICON_NAME = AppIcon;
				ASSETCATALOG_COMPILER_GLOBAL_ACCENT_COLOR_NAME = AccentColor;
				CODE_SIGN_ENTITLEMENTS = MyTrains/MyTrains.entitlements;
				CODE_SIGN_STYLE = Automatic;
				COMBINE_HIDPI_IMAGES = YES;
				CURRENT_PROJECT_VERSION = 1;
				DEVELOPMENT_TEAM = DKK8LC6ZQC;
				ENABLE_HARDENED_RUNTIME = YES;
				GENERATE_INFOPLIST_FILE = YES;
				INFOPLIST_KEY_NSHumanReadableCopyright = "";
				INFOPLIST_KEY_NSMainStoryboardFile = Main;
				INFOPLIST_KEY_NSPrincipalClass = NSApplication;
				LD_RUNPATH_SEARCH_PATHS = (
					"$(inherited)",
					"@executable_path/../Frameworks",
				);
				MACOSX_DEPLOYMENT_TARGET = 10.15;
				MARKETING_VERSION = 1.0;
				PRODUCT_BUNDLE_IDENTIFIER = Oswalds.MyTrains;
				PRODUCT_NAME = "$(TARGET_NAME)";
				SWIFT_EMIT_LOC_STRINGS = YES;
				SWIFT_VERSION = 5.0;
			};
			name = Debug;
		};
		DAA83DF8272C37680075CBCD /* Release */ = {
			isa = XCBuildConfiguration;
			buildSettings = {
				ASSETCATALOG_COMPILER_APPICON_NAME = AppIcon;
				ASSETCATALOG_COMPILER_GLOBAL_ACCENT_COLOR_NAME = AccentColor;
				CODE_SIGN_ENTITLEMENTS = MyTrains/MyTrains.entitlements;
				CODE_SIGN_STYLE = Automatic;
				COMBINE_HIDPI_IMAGES = YES;
				CURRENT_PROJECT_VERSION = 1;
				DEVELOPMENT_TEAM = DKK8LC6ZQC;
				ENABLE_HARDENED_RUNTIME = YES;
				GENERATE_INFOPLIST_FILE = YES;
				INFOPLIST_KEY_NSHumanReadableCopyright = "";
				INFOPLIST_KEY_NSMainStoryboardFile = Main;
				INFOPLIST_KEY_NSPrincipalClass = NSApplication;
				LD_RUNPATH_SEARCH_PATHS = (
					"$(inherited)",
					"@executable_path/../Frameworks",
				);
				MACOSX_DEPLOYMENT_TARGET = 10.15;
				MARKETING_VERSION = 1.0;
				PRODUCT_BUNDLE_IDENTIFIER = Oswalds.MyTrains;
				PRODUCT_NAME = "$(TARGET_NAME)";
				SWIFT_EMIT_LOC_STRINGS = YES;
				SWIFT_VERSION = 5.0;
			};
			name = Release;
		};
/* End XCBuildConfiguration section */

/* Begin XCConfigurationList section */
		DAA83DE2272C37670075CBCD /* Build configuration list for PBXProject "MyTrains" */ = {
			isa = XCConfigurationList;
			buildConfigurations = (
				DAA83DF4272C37680075CBCD /* Debug */,
				DAA83DF5272C37680075CBCD /* Release */,
			);
			defaultConfigurationIsVisible = 0;
			defaultConfigurationName = Release;
		};
		DAA83DF6272C37680075CBCD /* Build configuration list for PBXNativeTarget "MyTrains" */ = {
			isa = XCConfigurationList;
			buildConfigurations = (
				DAA83DF7272C37680075CBCD /* Debug */,
				DAA83DF8272C37680075CBCD /* Release */,
			);
			defaultConfigurationIsVisible = 0;
			defaultConfigurationName = Release;
		};
/* End XCConfigurationList section */
	};
	rootObject = DAA83DDF272C37670075CBCD /* Project object */;
}
