// !$*UTF8*$!
{
	archiveVersion = 1;
	classes = {
	};
	objectVersion = 55;
	objects = {

/* Begin PBXBuildFile section */
		DA0197252773500100350F71 /* ComboBoxDictDS.swift in Sources */ = {isa = PBXBuildFile; fileRef = DA0197242773500100350F71 /* ComboBoxDictDS.swift */; };
		DA0197272773520400350F71 /* EditorObject.swift in Sources */ = {isa = PBXBuildFile; fileRef = DA0197262773520400350F71 /* EditorObject.swift */; };
		DA08B431278734270001307C /* ProgramDecoderAddress.storyboard in Resources */ = {isa = PBXBuildFile; fileRef = DA08B430278734270001307C /* ProgramDecoderAddress.storyboard */; };
		DA08B433278737540001307C /* ProgramDecoderAddressVC.swift in Sources */ = {isa = PBXBuildFile; fileRef = DA08B432278737530001307C /* ProgramDecoderAddressVC.swift */; };
		DA08B43727875FDD0001307C /* ProgSlotDataP1.swift in Sources */ = {isa = PBXBuildFile; fileRef = DA08B43627875FDD0001307C /* ProgSlotDataP1.swift */; };
		DA0946542843C06A00F1AB81 /* DMF.swift in Sources */ = {isa = PBXBuildFile; fileRef = DA0946532843C06A00F1AB81 /* DMF.swift */; };
		DA0946562843EB4100F1AB81 /* InterfaceIPLExtensions.swift in Sources */ = {isa = PBXBuildFile; fileRef = DA0946552843EB4100F1AB81 /* InterfaceIPLExtensions.swift */; };
		DA0DA27A2779E96B00E4F23C /* Layout.swift in Sources */ = {isa = PBXBuildFile; fileRef = DA0DA2792779E96B00E4F23C /* Layout.swift */; };
		DA1A040A2856108900FFD25F /* RollingStockDecoderExtensions.swift in Sources */ = {isa = PBXBuildFile; fileRef = DA1A04092856108900FFD25F /* RollingStockDecoderExtensions.swift */; };
		DA1B79F5285F24B8009E1189 /* SwitchBoardItemPropertySheet.storyboard in Resources */ = {isa = PBXBuildFile; fileRef = DA1B79F4285F24B8009E1189 /* SwitchBoardItemPropertySheet.storyboard */; };
		DA1B79F7285F2540009E1189 /* SwitchBoardItemPropertySheetVC.swift in Sources */ = {isa = PBXBuildFile; fileRef = DA1B79F6285F2540009E1189 /* SwitchBoardItemPropertySheetVC.swift */; };
		DA1B79F9285F3885009E1189 /* UnitSpeed.swift in Sources */ = {isa = PBXBuildFile; fileRef = DA1B79F8285F3885009E1189 /* UnitSpeed.swift */; };
		DA1B79FB285F3AD0009E1189 /* UnitLength.swift in Sources */ = {isa = PBXBuildFile; fileRef = DA1B79FA285F3AD0009E1189 /* UnitLength.swift */; };
		DA1B79FD285F3C5E009E1189 /* TrackGauge.swift in Sources */ = {isa = PBXBuildFile; fileRef = DA1B79FC285F3C5E009E1189 /* TrackGauge.swift */; };
		DA1DA5E52827E95A00E0F993 /* EditInterfaces.storyboard in Resources */ = {isa = PBXBuildFile; fileRef = DA1DA5E42827E95A00E0F993 /* EditInterfaces.storyboard */; };
		DA1DA5E82827EA6700E0F993 /* EditInterfacesVC.swift in Sources */ = {isa = PBXBuildFile; fileRef = DA1DA5E72827EA6700E0F993 /* EditInterfacesVC.swift */; };
		DA1DA5EA28280EEE00E0F993 /* BaudRate.swift in Sources */ = {isa = PBXBuildFile; fileRef = DA1DA5E928280EEE00E0F993 /* BaudRate.swift */; };
		DA1DA5EC28280FCD00E0F993 /* FlowControl.swift in Sources */ = {isa = PBXBuildFile; fileRef = DA1DA5EB28280FCD00E0F993 /* FlowControl.swift */; };
		DA1ECC9328439D4600C4F963 /* UpdateFirmware.storyboard in Resources */ = {isa = PBXBuildFile; fileRef = DA1ECC9228439D4600C4F963 /* UpdateFirmware.storyboard */; };
		DA1ECC9828439DE500C4F963 /* UpdateFirmwareVC.swift in Sources */ = {isa = PBXBuildFile; fileRef = DA1ECC9728439DE500C4F963 /* UpdateFirmwareVC.swift */; };
		DA2502B9282671600002D4AF /* RollingStock.swift in Sources */ = {isa = PBXBuildFile; fileRef = DA2502B8282671600002D4AF /* RollingStock.swift */; };
		DA2785402837EAE700EDCBB7 /* MTSerialPortManager.swift in Sources */ = {isa = PBXBuildFile; fileRef = DA27853F2837EAE700EDCBB7 /* MTSerialPortManager.swift */; };
		DA28C2BA2801CC0300857471 /* DashBoard.storyboard in Resources */ = {isa = PBXBuildFile; fileRef = DA28C2B92801CC0300857471 /* DashBoard.storyboard */; };
		DA28C2BD2801CC4800857471 /* DashBoardVC.swift in Sources */ = {isa = PBXBuildFile; fileRef = DA28C2BC2801CC4800857471 /* DashBoardVC.swift */; };
		DA28C2BF2801E46D00857471 /* QuerySlot1.swift in Sources */ = {isa = PBXBuildFile; fileRef = DA28C2BE2801E46D00857471 /* QuerySlot1.swift */; };
		DA28C2C32801EB9400857471 /* QuerySlot2.swift in Sources */ = {isa = PBXBuildFile; fileRef = DA28C2C22801EB9400857471 /* QuerySlot2.swift */; };
		DA28C2C52801ED9700857471 /* QuerySlot3.swift in Sources */ = {isa = PBXBuildFile; fileRef = DA28C2C42801ED9700857471 /* QuerySlot3.swift */; };
		DA28C2C72801EEA900857471 /* QuerySlot4.swift in Sources */ = {isa = PBXBuildFile; fileRef = DA28C2C62801EEA900857471 /* QuerySlot4.swift */; };
		DA28C2C92801EF6500857471 /* QuerySlot5.swift in Sources */ = {isa = PBXBuildFile; fileRef = DA28C2C82801EF6500857471 /* QuerySlot5.swift */; };
		DA28E5892824943200E1604C /* LocoNetDevice.swift in Sources */ = {isa = PBXBuildFile; fileRef = DA28E5882824943200E1604C /* LocoNetDevice.swift */; };
		DA2E0E55273591A600C7DA7A /* NetworkTurnoutOutputMessage.swift in Sources */ = {isa = PBXBuildFile; fileRef = DA2E0E54273591A600C7DA7A /* NetworkTurnoutOutputMessage.swift */; };
		DA2E0E5827359ED300C7DA7A /* Ack.swift in Sources */ = {isa = PBXBuildFile; fileRef = DA2E0E5727359ED300C7DA7A /* Ack.swift */; };
		DA2E0E5A2736B8AA00C7DA7A /* LoconetRequestSlotDataMessage.swift in Sources */ = {isa = PBXBuildFile; fileRef = DA2E0E592736B8AA00C7DA7A /* LoconetRequestSlotDataMessage.swift */; };
		DA2E0E5E2736EAF300C7DA7A /* NetworkController.swift in Sources */ = {isa = PBXBuildFile; fileRef = DA2E0E5D2736EAF300C7DA7A /* NetworkController.swift */; };
		DA2E4988282899AF00C25162 /* DBEditorView.swift in Sources */ = {isa = PBXBuildFile; fileRef = DA2E4986282899AF00C25162 /* DBEditorView.swift */; };
		DA33FC2027AFF9E500630227 /* OpSwDecoderType.xib in Resources */ = {isa = PBXBuildFile; fileRef = DA33FC1F27AFF9E500630227 /* OpSwDecoderType.xib */; };
		DA33FC2327AFFA1400630227 /* OpSwDecoderType.swift in Sources */ = {isa = PBXBuildFile; fileRef = DA33FC2227AFFA1400630227 /* OpSwDecoderType.swift */; };
		DA359850278219A400B81AD3 /* LocoSlotDataP2.swift in Sources */ = {isa = PBXBuildFile; fileRef = DA35984F278219A400B81AD3 /* LocoSlotDataP2.swift */; };
		DA3AEF422788855800FF91D4 /* DecoderCV.swift in Sources */ = {isa = PBXBuildFile; fileRef = DA3AEF412788855800FF91D4 /* DecoderCV.swift */; };
		DA3AEF442788B33F00FF91D4 /* CVTableViewDS.swift in Sources */ = {isa = PBXBuildFile; fileRef = DA3AEF432788B33F00FF91D4 /* CVTableViewDS.swift */; };
		DA3CD9F2277DEF990065D0C4 /* Interface.swift in Sources */ = {isa = PBXBuildFile; fileRef = DA3CD9F1277DEF990065D0C4 /* Interface.swift */; };
		DA412E122780948900748CCD /* Throttle.storyboard in Resources */ = {isa = PBXBuildFile; fileRef = DA412E112780948900748CCD /* Throttle.storyboard */; };
		DA412E14278099AF00748CCD /* ThrottleVC.swift in Sources */ = {isa = PBXBuildFile; fileRef = DA412E13278099AF00748CCD /* ThrottleVC.swift */; };
		DA412E162780DC3C00748CCD /* DecoderFunction.swift in Sources */ = {isa = PBXBuildFile; fileRef = DA412E152780DC3C00748CCD /* DecoderFunction.swift */; };
		DA434294283698CA00E8D555 /* SerialPort.c in Sources */ = {isa = PBXBuildFile; fileRef = DA434293283698CA00E8D555 /* SerialPort.c */; };
		DA4342962836996800E8D555 /* MTSerialPort.swift in Sources */ = {isa = PBXBuildFile; fileRef = DA4342952836996800E8D555 /* MTSerialPort.swift */; };
		DA467B9D281CAFDA00AB9650 /* NSColorExtensions.swift in Sources */ = {isa = PBXBuildFile; fileRef = DA467B9C281CAFDA00AB9650 /* NSColorExtensions.swift */; };
		DA467B9F281CBAF900AB9650 /* NSRectExtensions.swift in Sources */ = {isa = PBXBuildFile; fileRef = DA467B9E281CBAF900AB9650 /* NSRectExtensions.swift */; };
		DA467BA3281D501300AB9650 /* SwitchBoardDefs.swift in Sources */ = {isa = PBXBuildFile; fileRef = DA467BA2281D501300AB9650 /* SwitchBoardDefs.swift */; };
		DA467BA5281D519700AB9650 /* SwitchBoardShape.swift in Sources */ = {isa = PBXBuildFile; fileRef = DA467BA4281D519700AB9650 /* SwitchBoardShape.swift */; };
		DA467BA7281D534900AB9650 /* SwitchBoardItem.swift in Sources */ = {isa = PBXBuildFile; fileRef = DA467BA6281D534900AB9650 /* SwitchBoardItem.swift */; };
		DA467BA9281D569300AB9650 /* SwitchBoardView.swift in Sources */ = {isa = PBXBuildFile; fileRef = DA467BA8281D569300AB9650 /* SwitchBoardView.swift */; };
		DA467BAB281D56A700AB9650 /* SwitchBoardEditorView.swift in Sources */ = {isa = PBXBuildFile; fileRef = DA467BAA281D56A700AB9650 /* SwitchBoardEditorView.swift */; };
		DA467BAD281D56BC00AB9650 /* SwitchBoardOperationsView.swift in Sources */ = {isa = PBXBuildFile; fileRef = DA467BAC281D56BC00AB9650 /* SwitchBoardOperationsView.swift */; };
		DA467BAF281D5D2F00AB9650 /* SwitchBoardEditor.storyboard in Resources */ = {isa = PBXBuildFile; fileRef = DA467BAE281D5D2F00AB9650 /* SwitchBoardEditor.storyboard */; };
		DA467BB1281D5ED400AB9650 /* SwitchBoardEditorVC.swift in Sources */ = {isa = PBXBuildFile; fileRef = DA467BB0281D5ED400AB9650 /* SwitchBoardEditorVC.swift */; };
		DA467BB3281D60E400AB9650 /* SwitchBoardShapeButton.swift in Sources */ = {isa = PBXBuildFile; fileRef = DA467BB2281D60E400AB9650 /* SwitchBoardShapeButton.swift */; };
		DA53B250276E360500AB956C /* CommandStation.swift in Sources */ = {isa = PBXBuildFile; fileRef = DA53B24F276E360500AB956C /* CommandStation.swift */; };
		DA53B252276E478400AB956C /* IPLDevData.swift in Sources */ = {isa = PBXBuildFile; fileRef = DA53B251276E478400AB956C /* IPLDevData.swift */; };
		DA5550EA28392A6B00C4FE4E /* ProductCode.swift in Sources */ = {isa = PBXBuildFile; fileRef = DA5550E928392A6B00C4FE4E /* ProductCode.swift */; };
		DA5B4601276F4E38005CA03C /* DatabaseConstants.swift in Sources */ = {isa = PBXBuildFile; fileRef = DA5B4600276F4E38005CA03C /* DatabaseConstants.swift */; };
		DA5B4603276F5993005CA03C /* EditNetworks.storyboard in Resources */ = {isa = PBXBuildFile; fileRef = DA5B4602276F5993005CA03C /* EditNetworks.storyboard */; };
		DA5B4605276F62D5005CA03C /* EditNetworksVC.swift in Sources */ = {isa = PBXBuildFile; fileRef = DA5B4604276F62D5005CA03C /* EditNetworksVC.swift */; };
		DA5B4607276F6917005CA03C /* ComboBoxDBDS.swift in Sources */ = {isa = PBXBuildFile; fileRef = DA5B4606276F6917005CA03C /* ComboBoxDBDS.swift */; };
		DA5B4609276F6CBF005CA03C /* Network.swift in Sources */ = {isa = PBXBuildFile; fileRef = DA5B4608276F6CBF005CA03C /* Network.swift */; };
		DA5E173E272EB23100F9341F /* LoconetSensorMessage.swift in Sources */ = {isa = PBXBuildFile; fileRef = DA5E173D272EB23100F9341F /* LoconetSensorMessage.swift */; };
		DA5E1741272ED2DF00F9341F /* LoconetSwitchRequestMessage.swift in Sources */ = {isa = PBXBuildFile; fileRef = DA5E1740272ED2DF00F9341F /* LoconetSwitchRequestMessage.swift */; };
		DA5E1743272EDA5B00F9341F /* LocoSlotDataP1.swift in Sources */ = {isa = PBXBuildFile; fileRef = DA5E1742272EDA5B00F9341F /* LocoSlotDataP1.swift */; };
		DA6A0AD8275295BF00913F2B /* Monitor.storyboard in Resources */ = {isa = PBXBuildFile; fileRef = DA6A0AD7275295BF00913F2B /* Monitor.storyboard */; };
		DA6A0ADA2752976800913F2B /* MonitorVC.swift in Sources */ = {isa = PBXBuildFile; fileRef = DA6A0AD92752976800913F2B /* MonitorVC.swift */; };
		DA6A0ADC27529D6600913F2B /* ModalWindow.swift in Sources */ = {isa = PBXBuildFile; fileRef = DA6A0ADB27529D6600913F2B /* ModalWindow.swift */; };
		DA6A0ADF2753B5CF00913F2B /* UserDefaults.swift in Sources */ = {isa = PBXBuildFile; fileRef = DA6A0ADE2753B5CF00913F2B /* UserDefaults.swift */; };
		DA6A0AE12753D50A00913F2B /* GlobalVariables.swift in Sources */ = {isa = PBXBuildFile; fileRef = DA6A0AE02753D50A00913F2B /* GlobalVariables.swift */; };
		DA6E28DF285F827600772641 /* SwitchBoardItemPartType.swift in Sources */ = {isa = PBXBuildFile; fileRef = DA6E28DE285F827600772641 /* SwitchBoardItemPartType.swift */; };
		DA6E28E1285F86B900772641 /* Orientation.swift in Sources */ = {isa = PBXBuildFile; fileRef = DA6E28E0285F86B900772641 /* Orientation.swift */; };
		DA6E28E3285F8F1A00772641 /* TrackElectrificationType.swift in Sources */ = {isa = PBXBuildFile; fileRef = DA6E28E2285F8F1A00772641 /* TrackElectrificationType.swift */; };
		DA6E28E5285F925C00772641 /* BlockDirection.swift in Sources */ = {isa = PBXBuildFile; fileRef = DA6E28E4285F925C00772641 /* BlockDirection.swift */; };
		DA6F3926274FD0C400A63FBF /* PeerXfer20.swift in Sources */ = {isa = PBXBuildFile; fileRef = DA6F3925274FD0C400A63FBF /* PeerXfer20.swift */; };
		DA77794C27AEA029007EEBE9 /* OptionSwitch.swift in Sources */ = {isa = PBXBuildFile; fileRef = DA77794B27AEA029007EEBE9 /* OptionSwitch.swift */; };
		DA77794F27AEE087007EEBE9 /* CommandStationConfiguration.storyboard in Resources */ = {isa = PBXBuildFile; fileRef = DA77794E27AEE087007EEBE9 /* CommandStationConfiguration.storyboard */; };
		DA77795127AEE0E5007EEBE9 /* CommandStationConfigurationVC.swift in Sources */ = {isa = PBXBuildFile; fileRef = DA77795027AEE0E5007EEBE9 /* CommandStationConfigurationVC.swift */; };
		DA77795327AEEB3A007EEBE9 /* OpSwTCV.xib in Resources */ = {isa = PBXBuildFile; fileRef = DA77795227AEEB3A007EEBE9 /* OpSwTCV.xib */; };
		DA77795527AEEBBC007EEBE9 /* OpSwTCV.swift in Sources */ = {isa = PBXBuildFile; fileRef = DA77795427AEEBBC007EEBE9 /* OpSwTCV.swift */; };
		DA77795727AEF2E5007EEBE9 /* CSConfigurationTableViewDS.swift in Sources */ = {isa = PBXBuildFile; fileRef = DA77795627AEF2E5007EEBE9 /* CSConfigurationTableViewDS.swift */; };
		DA7A4910274A89FE00C2A42B /* FastClockMessage.swift in Sources */ = {isa = PBXBuildFile; fileRef = DA7A490F274A89FE00C2A42B /* FastClockMessage.swift */; };
		DA7A4912274AC25600C2A42B /* PeerXferMessage.swift in Sources */ = {isa = PBXBuildFile; fileRef = DA7A4911274AC25600C2A42B /* PeerXferMessage.swift */; };
		DA7B4727273803BA00BCD587 /* Locomotive.swift in Sources */ = {isa = PBXBuildFile; fileRef = DA7B4726273803BA00BCD587 /* Locomotive.swift */; };
		DA7B472A273824F700BCD587 /* NetworkOutputQueueItem.swift in Sources */ = {isa = PBXBuildFile; fileRef = DA7B4729273824F700BCD587 /* NetworkOutputQueueItem.swift */; };
		DA840BCE2794727F00944562 /* FNTableViewDS.swift in Sources */ = {isa = PBXBuildFile; fileRef = DA840BCD2794727F00944562 /* FNTableViewDS.swift */; };
		DA8837702770B35B000B9A41 /* EditLayouts.storyboard in Resources */ = {isa = PBXBuildFile; fileRef = DA88376F2770B35B000B9A41 /* EditLayouts.storyboard */; };
		DA8837722770B371000B9A41 /* EditLayoutsVC.swift in Sources */ = {isa = PBXBuildFile; fileRef = DA8837712770B371000B9A41 /* EditLayoutsVC.swift */; };
		DA8837762770B6F8000B9A41 /* EditLocomotives.storyboard in Resources */ = {isa = PBXBuildFile; fileRef = DA8837752770B6F8000B9A41 /* EditLocomotives.storyboard */; };
		DA8837782770B715000B9A41 /* EditWagons.storyboard in Resources */ = {isa = PBXBuildFile; fileRef = DA8837772770B715000B9A41 /* EditWagons.storyboard */; };
		DA88377A2770B726000B9A41 /* EditTrains.storyboard in Resources */ = {isa = PBXBuildFile; fileRef = DA8837792770B726000B9A41 /* EditTrains.storyboard */; };
		DA88377C2770B73A000B9A41 /* EditSensors.storyboard in Resources */ = {isa = PBXBuildFile; fileRef = DA88377B2770B73A000B9A41 /* EditSensors.storyboard */; };
		DA88377E2770B74E000B9A41 /* EditSwitches.storyboard in Resources */ = {isa = PBXBuildFile; fileRef = DA88377D2770B74E000B9A41 /* EditSwitches.storyboard */; };
		DA8837802770B768000B9A41 /* EditLocomotivesVC.swift in Sources */ = {isa = PBXBuildFile; fileRef = DA88377F2770B768000B9A41 /* EditLocomotivesVC.swift */; };
		DA8837822770B77C000B9A41 /* EditWagonsVC.swift in Sources */ = {isa = PBXBuildFile; fileRef = DA8837812770B77C000B9A41 /* EditWagonsVC.swift */; };
		DA8837842770B78C000B9A41 /* EditTrainsVC.swift in Sources */ = {isa = PBXBuildFile; fileRef = DA8837832770B78C000B9A41 /* EditTrainsVC.swift */; };
		DA8837862770B79F000B9A41 /* EditSensorsVC.swift in Sources */ = {isa = PBXBuildFile; fileRef = DA8837852770B79F000B9A41 /* EditSensorsVC.swift */; };
		DA8837882770B7B2000B9A41 /* EditSwitchesVC.swift in Sources */ = {isa = PBXBuildFile; fileRef = DA8837872770B7B2000B9A41 /* EditSwitchesVC.swift */; };
		DA88378C2770FBEC000B9A41 /* DBEditorView.xib in Resources */ = {isa = PBXBuildFile; fileRef = DA88378B2770FBEC000B9A41 /* DBEditorView.xib */; };
		DA8AE0ED279B2CCB001E9311 /* SlotView.storyboard in Resources */ = {isa = PBXBuildFile; fileRef = DA8AE0EC279B2CCB001E9311 /* SlotView.storyboard */; };
		DA8AE0F0279B3074001E9311 /* SlotViewVC.swift in Sources */ = {isa = PBXBuildFile; fileRef = DA8AE0EF279B3074001E9311 /* SlotViewVC.swift */; };
		DA8B5D14282FC35E00D39F07 /* InterfaceExtensions.swift in Sources */ = {isa = PBXBuildFile; fileRef = DA8B5D13282FC35E00D39F07 /* InterfaceExtensions.swift */; };
		DA8B5D17282FCE2700D39F07 /* TimeoutCode.swift in Sources */ = {isa = PBXBuildFile; fileRef = DA8B5D16282FCE2700D39F07 /* TimeoutCode.swift */; };
		DA8B5D19282FDE1800D39F07 /* ProgrammerMode.swift in Sources */ = {isa = PBXBuildFile; fileRef = DA8B5D18282FDE1800D39F07 /* ProgrammerMode.swift */; };
		DA8B5D1B282FE23900D39F07 /* MessageTiming.swift in Sources */ = {isa = PBXBuildFile; fileRef = DA8B5D1A282FE23900D39F07 /* MessageTiming.swift */; };
		DA8B5D1D282FE31600D39F07 /* InterfaceDelegate.swift in Sources */ = {isa = PBXBuildFile; fileRef = DA8B5D1C282FE31600D39F07 /* InterfaceDelegate.swift */; };
		DA8FDB2A279C2B3600E15024 /* LocoSlotData.swift in Sources */ = {isa = PBXBuildFile; fileRef = DA8FDB29279C2B3600E15024 /* LocoSlotData.swift */; };
		DA8FDB2D279C4AC000E15024 /* LocoSlotTableViewDS.swift in Sources */ = {isa = PBXBuildFile; fileRef = DA8FDB2C279C4AC000E15024 /* LocoSlotTableViewDS.swift */; };
		DA95D6BD280833FE00D9F1B6 /* GroupSetupVC.swift in Sources */ = {isa = PBXBuildFile; fileRef = DA95D6BC280833ED00D9F1B6 /* GroupSetupVC.swift */; };
		DA95D6BF28083E9800D9F1B6 /* GroupSetup.storyboard in Resources */ = {isa = PBXBuildFile; fileRef = DA95D6BE28083E9800D9F1B6 /* GroupSetup.storyboard */; };
		DA95D6C12808412200D9F1B6 /* DuplexData.swift in Sources */ = {isa = PBXBuildFile; fileRef = DA95D6C02808412200D9F1B6 /* DuplexData.swift */; };
		DA95D6C52809C00600D9F1B6 /* SignalStrengthView.swift in Sources */ = {isa = PBXBuildFile; fileRef = DA95D6C42809C00600D9F1B6 /* SignalStrengthView.swift */; };
		DA9807C52789AFE300F73ACD /* NMRA.swift in Sources */ = {isa = PBXBuildFile; fileRef = DA9807C42789AFE300F73ACD /* NMRA.swift */; };
		DAA83DEB272C37670075CBCD /* AppDelegate.swift in Sources */ = {isa = PBXBuildFile; fileRef = DAA83DEA272C37670075CBCD /* AppDelegate.swift */; };
		DAA83DED272C37670075CBCD /* MainVC.swift in Sources */ = {isa = PBXBuildFile; fileRef = DAA83DEC272C37670075CBCD /* MainVC.swift */; };
		DAA83DEF272C37680075CBCD /* Assets.xcassets in Resources */ = {isa = PBXBuildFile; fileRef = DAA83DEE272C37680075CBCD /* Assets.xcassets */; };
		DAA83DF2272C37680075CBCD /* Main.storyboard in Resources */ = {isa = PBXBuildFile; fileRef = DAA83DF0272C37680075CBCD /* Main.storyboard */; };
		DAA867C427930C62008B6EEC /* IntExtensions.swift in Sources */ = {isa = PBXBuildFile; fileRef = DAA867C327930C62008B6EEC /* IntExtensions.swift */; };
		DAA867C627933265008B6EEC /* CSVParser.swift in Sources */ = {isa = PBXBuildFile; fileRef = DAA867C527933265008B6EEC /* CSVParser.swift */; };
		DAB07498276EB6C3003278BE /* Sqlite.swift in Sources */ = {isa = PBXBuildFile; fileRef = DAB07497276EB6C3003278BE /* Sqlite.swift */; };
		DAB0749A276EB8B1003278BE /* Database.swift in Sources */ = {isa = PBXBuildFile; fileRef = DAB07499276EB8B1003278BE /* Database.swift */; };
		DAB4FF5E2854F8CF00D74920 /* LocomotiveType.swift in Sources */ = {isa = PBXBuildFile; fileRef = DAB4FF5D2854F8CF00D74920 /* LocomotiveType.swift */; };
		DADBBFEA285DF36700426CD5 /* LayoutSwitchBoardExtensions.swift in Sources */ = {isa = PBXBuildFile; fileRef = DADBBFE9285DF36700426CD5 /* LayoutSwitchBoardExtensions.swift */; };
		DAE9DBB728258E12004BC75D /* LocoNetProducts.swift in Sources */ = {isa = PBXBuildFile; fileRef = DAE9DBB628258E12004BC75D /* LocoNetProducts.swift */; };
		DAEA9CF7272D8DA900C9B3EC /* NetworkConstants.swift in Sources */ = {isa = PBXBuildFile; fileRef = DAEA9CF6272D8DA900C9B3EC /* NetworkConstants.swift */; };
		DAEA9CFA272D8FBE00C9B3EC /* NetworkMessage.swift in Sources */ = {isa = PBXBuildFile; fileRef = DAEA9CF9272D8FBE00C9B3EC /* NetworkMessage.swift */; };
		DAF5BCD9281EF086000B61CA /* SwitchBoardPanel.swift in Sources */ = {isa = PBXBuildFile; fileRef = DAF5BCD8281EF086000B61CA /* SwitchBoardPanel.swift */; };
		DAFD69832840FCF50028E7D3 /* InterfaceCommandStationExtensions.swift in Sources */ = {isa = PBXBuildFile; fileRef = DAFD69822840FCF50028E7D3 /* InterfaceCommandStationExtensions.swift */; };
/* End PBXBuildFile section */

/* Begin PBXFileReference section */
		DA0197242773500100350F71 /* ComboBoxDictDS.swift */ = {isa = PBXFileReference; lastKnownFileType = sourcecode.swift; path = ComboBoxDictDS.swift; sourceTree = "<group>"; };
		DA0197262773520400350F71 /* EditorObject.swift */ = {isa = PBXFileReference; lastKnownFileType = sourcecode.swift; path = EditorObject.swift; sourceTree = "<group>"; };
		DA08B430278734270001307C /* ProgramDecoderAddress.storyboard */ = {isa = PBXFileReference; lastKnownFileType = file.storyboard; path = ProgramDecoderAddress.storyboard; sourceTree = "<group>"; };
		DA08B432278737530001307C /* ProgramDecoderAddressVC.swift */ = {isa = PBXFileReference; lastKnownFileType = sourcecode.swift; path = ProgramDecoderAddressVC.swift; sourceTree = "<group>"; };
		DA08B43627875FDD0001307C /* ProgSlotDataP1.swift */ = {isa = PBXFileReference; lastKnownFileType = sourcecode.swift; path = ProgSlotDataP1.swift; sourceTree = "<group>"; };
		DA0946532843C06A00F1AB81 /* DMF.swift */ = {isa = PBXFileReference; lastKnownFileType = sourcecode.swift; path = DMF.swift; sourceTree = "<group>"; };
		DA0946552843EB4100F1AB81 /* InterfaceIPLExtensions.swift */ = {isa = PBXFileReference; lastKnownFileType = sourcecode.swift; path = InterfaceIPLExtensions.swift; sourceTree = "<group>"; };
		DA0DA2792779E96B00E4F23C /* Layout.swift */ = {isa = PBXFileReference; lastKnownFileType = sourcecode.swift; path = Layout.swift; sourceTree = "<group>"; };
		DA1A04092856108900FFD25F /* RollingStockDecoderExtensions.swift */ = {isa = PBXFileReference; lastKnownFileType = sourcecode.swift; path = RollingStockDecoderExtensions.swift; sourceTree = "<group>"; };
		DA1B79F4285F24B8009E1189 /* SwitchBoardItemPropertySheet.storyboard */ = {isa = PBXFileReference; lastKnownFileType = file.storyboard; path = SwitchBoardItemPropertySheet.storyboard; sourceTree = "<group>"; };
		DA1B79F6285F2540009E1189 /* SwitchBoardItemPropertySheetVC.swift */ = {isa = PBXFileReference; lastKnownFileType = sourcecode.swift; path = SwitchBoardItemPropertySheetVC.swift; sourceTree = "<group>"; };
		DA1B79F8285F3885009E1189 /* UnitSpeed.swift */ = {isa = PBXFileReference; lastKnownFileType = sourcecode.swift; path = UnitSpeed.swift; sourceTree = "<group>"; };
		DA1B79FA285F3AD0009E1189 /* UnitLength.swift */ = {isa = PBXFileReference; lastKnownFileType = sourcecode.swift; path = UnitLength.swift; sourceTree = "<group>"; };
		DA1B79FC285F3C5E009E1189 /* TrackGauge.swift */ = {isa = PBXFileReference; lastKnownFileType = sourcecode.swift; path = TrackGauge.swift; sourceTree = "<group>"; };
		DA1DA5E42827E95A00E0F993 /* EditInterfaces.storyboard */ = {isa = PBXFileReference; lastKnownFileType = file.storyboard; path = EditInterfaces.storyboard; sourceTree = "<group>"; };
		DA1DA5E72827EA6700E0F993 /* EditInterfacesVC.swift */ = {isa = PBXFileReference; lastKnownFileType = sourcecode.swift; path = EditInterfacesVC.swift; sourceTree = "<group>"; };
		DA1DA5E928280EEE00E0F993 /* BaudRate.swift */ = {isa = PBXFileReference; lastKnownFileType = sourcecode.swift; path = BaudRate.swift; sourceTree = "<group>"; };
		DA1DA5EB28280FCD00E0F993 /* FlowControl.swift */ = {isa = PBXFileReference; lastKnownFileType = sourcecode.swift; path = FlowControl.swift; sourceTree = "<group>"; };
		DA1ECC9228439D4600C4F963 /* UpdateFirmware.storyboard */ = {isa = PBXFileReference; lastKnownFileType = file.storyboard; path = UpdateFirmware.storyboard; sourceTree = "<group>"; };
		DA1ECC9728439DE500C4F963 /* UpdateFirmwareVC.swift */ = {isa = PBXFileReference; lastKnownFileType = sourcecode.swift; path = UpdateFirmwareVC.swift; sourceTree = "<group>"; };
		DA2502B8282671600002D4AF /* RollingStock.swift */ = {isa = PBXFileReference; lastKnownFileType = sourcecode.swift; path = RollingStock.swift; sourceTree = "<group>"; };
		DA27853F2837EAE700EDCBB7 /* MTSerialPortManager.swift */ = {isa = PBXFileReference; lastKnownFileType = sourcecode.swift; path = MTSerialPortManager.swift; sourceTree = "<group>"; };
		DA28C2B92801CC0300857471 /* DashBoard.storyboard */ = {isa = PBXFileReference; lastKnownFileType = file.storyboard; path = DashBoard.storyboard; sourceTree = "<group>"; };
		DA28C2BC2801CC4800857471 /* DashBoardVC.swift */ = {isa = PBXFileReference; lastKnownFileType = sourcecode.swift; path = DashBoardVC.swift; sourceTree = "<group>"; };
		DA28C2BE2801E46D00857471 /* QuerySlot1.swift */ = {isa = PBXFileReference; lastKnownFileType = sourcecode.swift; path = QuerySlot1.swift; sourceTree = "<group>"; };
		DA28C2C22801EB9400857471 /* QuerySlot2.swift */ = {isa = PBXFileReference; lastKnownFileType = sourcecode.swift; path = QuerySlot2.swift; sourceTree = "<group>"; };
		DA28C2C42801ED9700857471 /* QuerySlot3.swift */ = {isa = PBXFileReference; lastKnownFileType = sourcecode.swift; path = QuerySlot3.swift; sourceTree = "<group>"; };
		DA28C2C62801EEA900857471 /* QuerySlot4.swift */ = {isa = PBXFileReference; lastKnownFileType = sourcecode.swift; path = QuerySlot4.swift; sourceTree = "<group>"; };
		DA28C2C82801EF6500857471 /* QuerySlot5.swift */ = {isa = PBXFileReference; lastKnownFileType = sourcecode.swift; path = QuerySlot5.swift; sourceTree = "<group>"; };
		DA28E5882824943200E1604C /* LocoNetDevice.swift */ = {isa = PBXFileReference; lastKnownFileType = sourcecode.swift; path = LocoNetDevice.swift; sourceTree = "<group>"; };
		DA2E0E54273591A600C7DA7A /* NetworkTurnoutOutputMessage.swift */ = {isa = PBXFileReference; lastKnownFileType = sourcecode.swift; path = NetworkTurnoutOutputMessage.swift; sourceTree = "<group>"; };
		DA2E0E5727359ED300C7DA7A /* Ack.swift */ = {isa = PBXFileReference; lastKnownFileType = sourcecode.swift; path = Ack.swift; sourceTree = "<group>"; };
		DA2E0E592736B8AA00C7DA7A /* LoconetRequestSlotDataMessage.swift */ = {isa = PBXFileReference; lastKnownFileType = sourcecode.swift; path = LoconetRequestSlotDataMessage.swift; sourceTree = "<group>"; };
		DA2E0E5D2736EAF300C7DA7A /* NetworkController.swift */ = {isa = PBXFileReference; lastKnownFileType = sourcecode.swift; path = NetworkController.swift; sourceTree = "<group>"; };
		DA2E4986282899AF00C25162 /* DBEditorView.swift */ = {isa = PBXFileReference; fileEncoding = 4; lastKnownFileType = sourcecode.swift; path = DBEditorView.swift; sourceTree = "<group>"; };
		DA33FC1F27AFF9E500630227 /* OpSwDecoderType.xib */ = {isa = PBXFileReference; lastKnownFileType = file.xib; path = OpSwDecoderType.xib; sourceTree = "<group>"; };
		DA33FC2227AFFA1400630227 /* OpSwDecoderType.swift */ = {isa = PBXFileReference; lastKnownFileType = sourcecode.swift; path = OpSwDecoderType.swift; sourceTree = "<group>"; };
		DA35984F278219A400B81AD3 /* LocoSlotDataP2.swift */ = {isa = PBXFileReference; lastKnownFileType = sourcecode.swift; path = LocoSlotDataP2.swift; sourceTree = "<group>"; };
		DA3AEF412788855800FF91D4 /* DecoderCV.swift */ = {isa = PBXFileReference; lastKnownFileType = sourcecode.swift; path = DecoderCV.swift; sourceTree = "<group>"; };
		DA3AEF432788B33F00FF91D4 /* CVTableViewDS.swift */ = {isa = PBXFileReference; lastKnownFileType = sourcecode.swift; path = CVTableViewDS.swift; sourceTree = "<group>"; };
		DA3CD9F1277DEF990065D0C4 /* Interface.swift */ = {isa = PBXFileReference; lastKnownFileType = sourcecode.swift; path = Interface.swift; sourceTree = "<group>"; };
		DA412E112780948900748CCD /* Throttle.storyboard */ = {isa = PBXFileReference; lastKnownFileType = file.storyboard; path = Throttle.storyboard; sourceTree = "<group>"; };
		DA412E13278099AF00748CCD /* ThrottleVC.swift */ = {isa = PBXFileReference; lastKnownFileType = sourcecode.swift; path = ThrottleVC.swift; sourceTree = "<group>"; };
		DA412E152780DC3C00748CCD /* DecoderFunction.swift */ = {isa = PBXFileReference; lastKnownFileType = sourcecode.swift; path = DecoderFunction.swift; sourceTree = "<group>"; };
		DA434291283698CA00E8D555 /* MyTrains-Bridging-Header.h */ = {isa = PBXFileReference; lastKnownFileType = sourcecode.c.h; path = "MyTrains-Bridging-Header.h"; sourceTree = "<group>"; };
		DA434292283698CA00E8D555 /* SerialPort.h */ = {isa = PBXFileReference; lastKnownFileType = sourcecode.c.h; path = SerialPort.h; sourceTree = "<group>"; };
		DA434293283698CA00E8D555 /* SerialPort.c */ = {isa = PBXFileReference; lastKnownFileType = sourcecode.c.c; path = SerialPort.c; sourceTree = "<group>"; };
		DA4342952836996800E8D555 /* MTSerialPort.swift */ = {isa = PBXFileReference; lastKnownFileType = sourcecode.swift; path = MTSerialPort.swift; sourceTree = "<group>"; };
		DA467B9C281CAFDA00AB9650 /* NSColorExtensions.swift */ = {isa = PBXFileReference; lastKnownFileType = sourcecode.swift; path = NSColorExtensions.swift; sourceTree = "<group>"; };
		DA467B9E281CBAF900AB9650 /* NSRectExtensions.swift */ = {isa = PBXFileReference; lastKnownFileType = sourcecode.swift; path = NSRectExtensions.swift; sourceTree = "<group>"; };
		DA467BA2281D501300AB9650 /* SwitchBoardDefs.swift */ = {isa = PBXFileReference; lastKnownFileType = sourcecode.swift; path = SwitchBoardDefs.swift; sourceTree = "<group>"; };
		DA467BA4281D519700AB9650 /* SwitchBoardShape.swift */ = {isa = PBXFileReference; lastKnownFileType = sourcecode.swift; path = SwitchBoardShape.swift; sourceTree = "<group>"; };
		DA467BA6281D534900AB9650 /* SwitchBoardItem.swift */ = {isa = PBXFileReference; lastKnownFileType = sourcecode.swift; path = SwitchBoardItem.swift; sourceTree = "<group>"; };
		DA467BA8281D569300AB9650 /* SwitchBoardView.swift */ = {isa = PBXFileReference; lastKnownFileType = sourcecode.swift; path = SwitchBoardView.swift; sourceTree = "<group>"; };
		DA467BAA281D56A700AB9650 /* SwitchBoardEditorView.swift */ = {isa = PBXFileReference; lastKnownFileType = sourcecode.swift; path = SwitchBoardEditorView.swift; sourceTree = "<group>"; };
		DA467BAC281D56BC00AB9650 /* SwitchBoardOperationsView.swift */ = {isa = PBXFileReference; lastKnownFileType = sourcecode.swift; path = SwitchBoardOperationsView.swift; sourceTree = "<group>"; };
		DA467BAE281D5D2F00AB9650 /* SwitchBoardEditor.storyboard */ = {isa = PBXFileReference; lastKnownFileType = file.storyboard; path = SwitchBoardEditor.storyboard; sourceTree = "<group>"; };
		DA467BB0281D5ED400AB9650 /* SwitchBoardEditorVC.swift */ = {isa = PBXFileReference; lastKnownFileType = sourcecode.swift; path = SwitchBoardEditorVC.swift; sourceTree = "<group>"; };
		DA467BB2281D60E400AB9650 /* SwitchBoardShapeButton.swift */ = {isa = PBXFileReference; lastKnownFileType = sourcecode.swift; path = SwitchBoardShapeButton.swift; sourceTree = "<group>"; };
		DA53B24F276E360500AB956C /* CommandStation.swift */ = {isa = PBXFileReference; lastKnownFileType = sourcecode.swift; path = CommandStation.swift; sourceTree = "<group>"; };
		DA53B251276E478400AB956C /* IPLDevData.swift */ = {isa = PBXFileReference; lastKnownFileType = sourcecode.swift; path = IPLDevData.swift; sourceTree = "<group>"; };
		DA5550E928392A6B00C4FE4E /* ProductCode.swift */ = {isa = PBXFileReference; lastKnownFileType = sourcecode.swift; path = ProductCode.swift; sourceTree = "<group>"; };
		DA5B4600276F4E38005CA03C /* DatabaseConstants.swift */ = {isa = PBXFileReference; lastKnownFileType = sourcecode.swift; path = DatabaseConstants.swift; sourceTree = "<group>"; };
		DA5B4602276F5993005CA03C /* EditNetworks.storyboard */ = {isa = PBXFileReference; lastKnownFileType = file.storyboard; path = EditNetworks.storyboard; sourceTree = "<group>"; };
		DA5B4604276F62D5005CA03C /* EditNetworksVC.swift */ = {isa = PBXFileReference; lastKnownFileType = sourcecode.swift; path = EditNetworksVC.swift; sourceTree = "<group>"; };
		DA5B4606276F6917005CA03C /* ComboBoxDBDS.swift */ = {isa = PBXFileReference; lastKnownFileType = sourcecode.swift; path = ComboBoxDBDS.swift; sourceTree = "<group>"; };
		DA5B4608276F6CBF005CA03C /* Network.swift */ = {isa = PBXFileReference; lastKnownFileType = sourcecode.swift; path = Network.swift; sourceTree = "<group>"; };
		DA5E173D272EB23100F9341F /* LoconetSensorMessage.swift */ = {isa = PBXFileReference; lastKnownFileType = sourcecode.swift; path = LoconetSensorMessage.swift; sourceTree = "<group>"; };
		DA5E1740272ED2DF00F9341F /* LoconetSwitchRequestMessage.swift */ = {isa = PBXFileReference; lastKnownFileType = sourcecode.swift; path = LoconetSwitchRequestMessage.swift; sourceTree = "<group>"; };
		DA5E1742272EDA5B00F9341F /* LocoSlotDataP1.swift */ = {isa = PBXFileReference; lastKnownFileType = sourcecode.swift; path = LocoSlotDataP1.swift; sourceTree = "<group>"; };
		DA6A0AD7275295BF00913F2B /* Monitor.storyboard */ = {isa = PBXFileReference; lastKnownFileType = file.storyboard; path = Monitor.storyboard; sourceTree = "<group>"; };
		DA6A0AD92752976800913F2B /* MonitorVC.swift */ = {isa = PBXFileReference; lastKnownFileType = sourcecode.swift; path = MonitorVC.swift; sourceTree = "<group>"; };
		DA6A0ADB27529D6600913F2B /* ModalWindow.swift */ = {isa = PBXFileReference; lastKnownFileType = sourcecode.swift; path = ModalWindow.swift; sourceTree = "<group>"; };
		DA6A0ADE2753B5CF00913F2B /* UserDefaults.swift */ = {isa = PBXFileReference; lastKnownFileType = sourcecode.swift; path = UserDefaults.swift; sourceTree = "<group>"; };
		DA6A0AE02753D50A00913F2B /* GlobalVariables.swift */ = {isa = PBXFileReference; lastKnownFileType = sourcecode.swift; path = GlobalVariables.swift; sourceTree = "<group>"; };
		DA6E28DE285F827600772641 /* SwitchBoardItemPartType.swift */ = {isa = PBXFileReference; lastKnownFileType = sourcecode.swift; path = SwitchBoardItemPartType.swift; sourceTree = "<group>"; };
		DA6E28E0285F86B900772641 /* Orientation.swift */ = {isa = PBXFileReference; lastKnownFileType = sourcecode.swift; path = Orientation.swift; sourceTree = "<group>"; };
		DA6E28E2285F8F1A00772641 /* TrackElectrificationType.swift */ = {isa = PBXFileReference; lastKnownFileType = sourcecode.swift; path = TrackElectrificationType.swift; sourceTree = "<group>"; };
		DA6E28E4285F925C00772641 /* BlockDirection.swift */ = {isa = PBXFileReference; lastKnownFileType = sourcecode.swift; path = BlockDirection.swift; sourceTree = "<group>"; };
		DA6F3925274FD0C400A63FBF /* PeerXfer20.swift */ = {isa = PBXFileReference; lastKnownFileType = sourcecode.swift; path = PeerXfer20.swift; sourceTree = "<group>"; };
		DA77794B27AEA029007EEBE9 /* OptionSwitch.swift */ = {isa = PBXFileReference; lastKnownFileType = sourcecode.swift; path = OptionSwitch.swift; sourceTree = "<group>"; };
		DA77794E27AEE087007EEBE9 /* CommandStationConfiguration.storyboard */ = {isa = PBXFileReference; lastKnownFileType = file.storyboard; path = CommandStationConfiguration.storyboard; sourceTree = "<group>"; };
		DA77795027AEE0E5007EEBE9 /* CommandStationConfigurationVC.swift */ = {isa = PBXFileReference; lastKnownFileType = sourcecode.swift; path = CommandStationConfigurationVC.swift; sourceTree = "<group>"; };
		DA77795227AEEB3A007EEBE9 /* OpSwTCV.xib */ = {isa = PBXFileReference; lastKnownFileType = file.xib; path = OpSwTCV.xib; sourceTree = "<group>"; };
		DA77795427AEEBBC007EEBE9 /* OpSwTCV.swift */ = {isa = PBXFileReference; lastKnownFileType = sourcecode.swift; path = OpSwTCV.swift; sourceTree = "<group>"; };
		DA77795627AEF2E5007EEBE9 /* CSConfigurationTableViewDS.swift */ = {isa = PBXFileReference; lastKnownFileType = sourcecode.swift; path = CSConfigurationTableViewDS.swift; sourceTree = "<group>"; };
		DA7A490F274A89FE00C2A42B /* FastClockMessage.swift */ = {isa = PBXFileReference; lastKnownFileType = sourcecode.swift; path = FastClockMessage.swift; sourceTree = "<group>"; };
		DA7A4911274AC25600C2A42B /* PeerXferMessage.swift */ = {isa = PBXFileReference; lastKnownFileType = sourcecode.swift; path = PeerXferMessage.swift; sourceTree = "<group>"; };
		DA7B4726273803BA00BCD587 /* Locomotive.swift */ = {isa = PBXFileReference; lastKnownFileType = sourcecode.swift; path = Locomotive.swift; sourceTree = "<group>"; };
		DA7B4729273824F700BCD587 /* NetworkOutputQueueItem.swift */ = {isa = PBXFileReference; lastKnownFileType = sourcecode.swift; path = NetworkOutputQueueItem.swift; sourceTree = "<group>"; };
		DA840BCD2794727F00944562 /* FNTableViewDS.swift */ = {isa = PBXFileReference; lastKnownFileType = sourcecode.swift; path = FNTableViewDS.swift; sourceTree = "<group>"; };
		DA88376F2770B35B000B9A41 /* EditLayouts.storyboard */ = {isa = PBXFileReference; lastKnownFileType = file.storyboard; path = EditLayouts.storyboard; sourceTree = "<group>"; };
		DA8837712770B371000B9A41 /* EditLayoutsVC.swift */ = {isa = PBXFileReference; lastKnownFileType = sourcecode.swift; path = EditLayoutsVC.swift; sourceTree = "<group>"; };
		DA8837752770B6F8000B9A41 /* EditLocomotives.storyboard */ = {isa = PBXFileReference; lastKnownFileType = file.storyboard; path = EditLocomotives.storyboard; sourceTree = "<group>"; };
		DA8837772770B715000B9A41 /* EditWagons.storyboard */ = {isa = PBXFileReference; lastKnownFileType = file.storyboard; path = EditWagons.storyboard; sourceTree = "<group>"; };
		DA8837792770B726000B9A41 /* EditTrains.storyboard */ = {isa = PBXFileReference; lastKnownFileType = file.storyboard; path = EditTrains.storyboard; sourceTree = "<group>"; };
		DA88377B2770B73A000B9A41 /* EditSensors.storyboard */ = {isa = PBXFileReference; lastKnownFileType = file.storyboard; path = EditSensors.storyboard; sourceTree = "<group>"; };
		DA88377D2770B74E000B9A41 /* EditSwitches.storyboard */ = {isa = PBXFileReference; lastKnownFileType = file.storyboard; path = EditSwitches.storyboard; sourceTree = "<group>"; };
		DA88377F2770B768000B9A41 /* EditLocomotivesVC.swift */ = {isa = PBXFileReference; lastKnownFileType = sourcecode.swift; path = EditLocomotivesVC.swift; sourceTree = "<group>"; };
		DA8837812770B77C000B9A41 /* EditWagonsVC.swift */ = {isa = PBXFileReference; lastKnownFileType = sourcecode.swift; path = EditWagonsVC.swift; sourceTree = "<group>"; };
		DA8837832770B78C000B9A41 /* EditTrainsVC.swift */ = {isa = PBXFileReference; lastKnownFileType = sourcecode.swift; path = EditTrainsVC.swift; sourceTree = "<group>"; };
		DA8837852770B79F000B9A41 /* EditSensorsVC.swift */ = {isa = PBXFileReference; lastKnownFileType = sourcecode.swift; path = EditSensorsVC.swift; sourceTree = "<group>"; };
		DA8837872770B7B2000B9A41 /* EditSwitchesVC.swift */ = {isa = PBXFileReference; lastKnownFileType = sourcecode.swift; path = EditSwitchesVC.swift; sourceTree = "<group>"; };
		DA88378B2770FBEC000B9A41 /* DBEditorView.xib */ = {isa = PBXFileReference; lastKnownFileType = file.xib; path = DBEditorView.xib; sourceTree = "<group>"; };
		DA8AE0EC279B2CCB001E9311 /* SlotView.storyboard */ = {isa = PBXFileReference; lastKnownFileType = file.storyboard; path = SlotView.storyboard; sourceTree = "<group>"; };
		DA8AE0EF279B3074001E9311 /* SlotViewVC.swift */ = {isa = PBXFileReference; lastKnownFileType = sourcecode.swift; path = SlotViewVC.swift; sourceTree = "<group>"; };
		DA8B5D13282FC35E00D39F07 /* InterfaceExtensions.swift */ = {isa = PBXFileReference; lastKnownFileType = sourcecode.swift; path = InterfaceExtensions.swift; sourceTree = "<group>"; };
		DA8B5D16282FCE2700D39F07 /* TimeoutCode.swift */ = {isa = PBXFileReference; lastKnownFileType = sourcecode.swift; path = TimeoutCode.swift; sourceTree = "<group>"; };
		DA8B5D18282FDE1800D39F07 /* ProgrammerMode.swift */ = {isa = PBXFileReference; lastKnownFileType = sourcecode.swift; path = ProgrammerMode.swift; sourceTree = "<group>"; };
		DA8B5D1A282FE23900D39F07 /* MessageTiming.swift */ = {isa = PBXFileReference; lastKnownFileType = sourcecode.swift; path = MessageTiming.swift; sourceTree = "<group>"; };
		DA8B5D1C282FE31600D39F07 /* InterfaceDelegate.swift */ = {isa = PBXFileReference; lastKnownFileType = sourcecode.swift; path = InterfaceDelegate.swift; sourceTree = "<group>"; };
		DA8FDB29279C2B3600E15024 /* LocoSlotData.swift */ = {isa = PBXFileReference; lastKnownFileType = sourcecode.swift; path = LocoSlotData.swift; sourceTree = "<group>"; };
		DA8FDB2C279C4AC000E15024 /* LocoSlotTableViewDS.swift */ = {isa = PBXFileReference; lastKnownFileType = sourcecode.swift; path = LocoSlotTableViewDS.swift; sourceTree = "<group>"; };
		DA95D6BC280833ED00D9F1B6 /* GroupSetupVC.swift */ = {isa = PBXFileReference; lastKnownFileType = sourcecode.swift; path = GroupSetupVC.swift; sourceTree = "<group>"; };
		DA95D6BE28083E9800D9F1B6 /* GroupSetup.storyboard */ = {isa = PBXFileReference; fileEncoding = 4; lastKnownFileType = file.storyboard; path = GroupSetup.storyboard; sourceTree = "<group>"; };
		DA95D6C02808412200D9F1B6 /* DuplexData.swift */ = {isa = PBXFileReference; lastKnownFileType = sourcecode.swift; path = DuplexData.swift; sourceTree = "<group>"; };
		DA95D6C42809C00600D9F1B6 /* SignalStrengthView.swift */ = {isa = PBXFileReference; lastKnownFileType = sourcecode.swift; path = SignalStrengthView.swift; sourceTree = "<group>"; };
		DA9807C42789AFE300F73ACD /* NMRA.swift */ = {isa = PBXFileReference; lastKnownFileType = sourcecode.swift; path = NMRA.swift; sourceTree = "<group>"; };
		DAA83DE7272C37670075CBCD /* MyTrains.app */ = {isa = PBXFileReference; explicitFileType = wrapper.application; includeInIndex = 0; path = MyTrains.app; sourceTree = BUILT_PRODUCTS_DIR; };
		DAA83DEA272C37670075CBCD /* AppDelegate.swift */ = {isa = PBXFileReference; lastKnownFileType = sourcecode.swift; path = AppDelegate.swift; sourceTree = "<group>"; };
		DAA83DEC272C37670075CBCD /* MainVC.swift */ = {isa = PBXFileReference; lastKnownFileType = sourcecode.swift; path = MainVC.swift; sourceTree = "<group>"; };
		DAA83DEE272C37680075CBCD /* Assets.xcassets */ = {isa = PBXFileReference; lastKnownFileType = folder.assetcatalog; path = Assets.xcassets; sourceTree = "<group>"; };
		DAA83DF1272C37680075CBCD /* Base */ = {isa = PBXFileReference; lastKnownFileType = file.storyboard; name = Base; path = Base.lproj/Main.storyboard; sourceTree = "<group>"; };
		DAA83DF3272C37680075CBCD /* MyTrains.entitlements */ = {isa = PBXFileReference; lastKnownFileType = text.plist.entitlements; path = MyTrains.entitlements; sourceTree = "<group>"; };
		DAA867C327930C62008B6EEC /* IntExtensions.swift */ = {isa = PBXFileReference; lastKnownFileType = sourcecode.swift; path = IntExtensions.swift; sourceTree = "<group>"; };
		DAA867C527933265008B6EEC /* CSVParser.swift */ = {isa = PBXFileReference; lastKnownFileType = sourcecode.swift; path = CSVParser.swift; sourceTree = "<group>"; };
		DAB07497276EB6C3003278BE /* Sqlite.swift */ = {isa = PBXFileReference; lastKnownFileType = sourcecode.swift; path = Sqlite.swift; sourceTree = "<group>"; };
		DAB07499276EB8B1003278BE /* Database.swift */ = {isa = PBXFileReference; lastKnownFileType = sourcecode.swift; path = Database.swift; sourceTree = "<group>"; };
		DAB4FF5D2854F8CF00D74920 /* LocomotiveType.swift */ = {isa = PBXFileReference; lastKnownFileType = sourcecode.swift; path = LocomotiveType.swift; sourceTree = "<group>"; };
		DADBBFE9285DF36700426CD5 /* LayoutSwitchBoardExtensions.swift */ = {isa = PBXFileReference; lastKnownFileType = sourcecode.swift; path = LayoutSwitchBoardExtensions.swift; sourceTree = "<group>"; };
		DAE9DBB628258E12004BC75D /* LocoNetProducts.swift */ = {isa = PBXFileReference; lastKnownFileType = sourcecode.swift; path = LocoNetProducts.swift; sourceTree = "<group>"; };
		DAEA9CF6272D8DA900C9B3EC /* NetworkConstants.swift */ = {isa = PBXFileReference; lastKnownFileType = sourcecode.swift; path = NetworkConstants.swift; sourceTree = "<group>"; };
		DAEA9CF9272D8FBE00C9B3EC /* NetworkMessage.swift */ = {isa = PBXFileReference; lastKnownFileType = sourcecode.swift; path = NetworkMessage.swift; sourceTree = "<group>"; };
		DAEFAA5F28289668007AC92D /* DBEditorView.swift */ = {isa = PBXFileReference; lastKnownFileType = sourcecode.swift; name = DBEditorView.swift; path = MyTrains/DBEditorView.swift; sourceTree = "<group>"; };
		DAF5BCD8281EF086000B61CA /* SwitchBoardPanel.swift */ = {isa = PBXFileReference; lastKnownFileType = sourcecode.swift; path = SwitchBoardPanel.swift; sourceTree = "<group>"; };
		DAFD69822840FCF50028E7D3 /* InterfaceCommandStationExtensions.swift */ = {isa = PBXFileReference; lastKnownFileType = sourcecode.swift; path = InterfaceCommandStationExtensions.swift; sourceTree = "<group>"; };
/* End PBXFileReference section */

/* Begin PBXFrameworksBuildPhase section */
		DAA83DE4272C37670075CBCD /* Frameworks */ = {
			isa = PBXFrameworksBuildPhase;
			buildActionMask = 2147483647;
			files = (
			);
			runOnlyForDeploymentPostprocessing = 0;
		};
/* End PBXFrameworksBuildPhase section */

/* Begin PBXGroup section */
		DA8FC5E5272C3F8100FCCFCA /* Frameworks */ = {
			isa = PBXGroup;
			children = (
			);
			name = Frameworks;
			sourceTree = "<group>";
		};
		DAA83DDE272C37670075CBCD = {
			isa = PBXGroup;
			children = (
				DAEFAA5F28289668007AC92D /* DBEditorView.swift */,
				DA8FC5E5272C3F8100FCCFCA /* Frameworks */,
				DAA83DE9272C37670075CBCD /* MyTrains */,
				DAA83DE8272C37670075CBCD /* Products */,
			);
			sourceTree = "<group>";
		};
		DAA83DE8272C37670075CBCD /* Products */ = {
			isa = PBXGroup;
			children = (
				DAA83DE7272C37670075CBCD /* MyTrains.app */,
			);
			name = Products;
			sourceTree = "<group>";
		};
		DAA83DE9272C37670075CBCD /* MyTrains */ = {
			isa = PBXGroup;
			children = (
				DA2E0E5727359ED300C7DA7A /* Ack.swift */,
				DAA83DEA272C37670075CBCD /* AppDelegate.swift */,
				DAA83DEE272C37680075CBCD /* Assets.xcassets */,
				DA1DA5E928280EEE00E0F993 /* BaudRate.swift */,
				DA6E28E4285F925C00772641 /* BlockDirection.swift */,
				DA5B4606276F6917005CA03C /* ComboBoxDBDS.swift */,
				DA0197242773500100350F71 /* ComboBoxDictDS.swift */,
				DA53B24F276E360500AB956C /* CommandStation.swift */,
				DA77794E27AEE087007EEBE9 /* CommandStationConfiguration.storyboard */,
				DA77795027AEE0E5007EEBE9 /* CommandStationConfigurationVC.swift */,
				DA77794B27AEA029007EEBE9 /* OptionSwitch.swift */,
				DA77795627AEF2E5007EEBE9 /* CSConfigurationTableViewDS.swift */,
				DAA867C527933265008B6EEC /* CSVParser.swift */,
				DA3AEF432788B33F00FF91D4 /* CVTableViewDS.swift */,
				DA28C2B92801CC0300857471 /* DashBoard.storyboard */,
				DA28C2BC2801CC4800857471 /* DashBoardVC.swift */,
				DAB07499276EB8B1003278BE /* Database.swift */,
				DA5B4600276F4E38005CA03C /* DatabaseConstants.swift */,
				DA2E4986282899AF00C25162 /* DBEditorView.swift */,
				DA88378B2770FBEC000B9A41 /* DBEditorView.xib */,
				DA3AEF412788855800FF91D4 /* DecoderCV.swift */,
				DA412E152780DC3C00748CCD /* DecoderFunction.swift */,
				DA95D6C02808412200D9F1B6 /* DuplexData.swift */,
				DA1DA5E42827E95A00E0F993 /* EditInterfaces.storyboard */,
				DA1DA5E72827EA6700E0F993 /* EditInterfacesVC.swift */,
				DA88376F2770B35B000B9A41 /* EditLayouts.storyboard */,
				DA8837712770B371000B9A41 /* EditLayoutsVC.swift */,
				DA8837752770B6F8000B9A41 /* EditLocomotives.storyboard */,
				DA88377F2770B768000B9A41 /* EditLocomotivesVC.swift */,
				DA5B4602276F5993005CA03C /* EditNetworks.storyboard */,
				DA5B4604276F62D5005CA03C /* EditNetworksVC.swift */,
				DA0197262773520400350F71 /* EditorObject.swift */,
				DA88377B2770B73A000B9A41 /* EditSensors.storyboard */,
				DA8837852770B79F000B9A41 /* EditSensorsVC.swift */,
				DA88377D2770B74E000B9A41 /* EditSwitches.storyboard */,
				DA8837872770B7B2000B9A41 /* EditSwitchesVC.swift */,
				DA8837792770B726000B9A41 /* EditTrains.storyboard */,
				DA8837832770B78C000B9A41 /* EditTrainsVC.swift */,
				DA8837772770B715000B9A41 /* EditWagons.storyboard */,
				DA8837812770B77C000B9A41 /* EditWagonsVC.swift */,
				DA7A490F274A89FE00C2A42B /* FastClockMessage.swift */,
				DA1DA5EB28280FCD00E0F993 /* FlowControl.swift */,
				DA840BCD2794727F00944562 /* FNTableViewDS.swift */,
				DA6A0AE02753D50A00913F2B /* GlobalVariables.swift */,
				DA95D6BE28083E9800D9F1B6 /* GroupSetup.storyboard */,
				DA95D6BC280833ED00D9F1B6 /* GroupSetupVC.swift */,
				DA3CD9F1277DEF990065D0C4 /* Interface.swift */,
				DA8B5D1C282FE31600D39F07 /* InterfaceDelegate.swift */,
				DA8B5D13282FC35E00D39F07 /* InterfaceExtensions.swift */,
				DAFD69822840FCF50028E7D3 /* InterfaceCommandStationExtensions.swift */,
				DA0946552843EB4100F1AB81 /* InterfaceIPLExtensions.swift */,
				DAA867C327930C62008B6EEC /* IntExtensions.swift */,
				DA53B251276E478400AB956C /* IPLDevData.swift */,
				DA0DA2792779E96B00E4F23C /* Layout.swift */,
				DADBBFE9285DF36700426CD5 /* LayoutSwitchBoardExtensions.swift */,
				DA7B4726273803BA00BCD587 /* Locomotive.swift */,
				DAB4FF5D2854F8CF00D74920 /* LocomotiveType.swift */,
				DA28E5882824943200E1604C /* LocoNetDevice.swift */,
				DAE9DBB628258E12004BC75D /* LocoNetProducts.swift */,
				DA5550E928392A6B00C4FE4E /* ProductCode.swift */,
				DA2E0E592736B8AA00C7DA7A /* LoconetRequestSlotDataMessage.swift */,
				DA5E173D272EB23100F9341F /* LoconetSensorMessage.swift */,
				DA5E1740272ED2DF00F9341F /* LoconetSwitchRequestMessage.swift */,
				DA8FDB29279C2B3600E15024 /* LocoSlotData.swift */,
				DA5E1742272EDA5B00F9341F /* LocoSlotDataP1.swift */,
				DA35984F278219A400B81AD3 /* LocoSlotDataP2.swift */,
				DA8FDB2C279C4AC000E15024 /* LocoSlotTableViewDS.swift */,
				DAA83DF0272C37680075CBCD /* Main.storyboard */,
				DAA83DEC272C37670075CBCD /* MainVC.swift */,
				DA8B5D1A282FE23900D39F07 /* MessageTiming.swift */,
				DA6A0ADB27529D6600913F2B /* ModalWindow.swift */,
				DA6A0AD7275295BF00913F2B /* Monitor.storyboard */,
				DA6A0AD92752976800913F2B /* MonitorVC.swift */,
				DA4342952836996800E8D555 /* MTSerialPort.swift */,
				DA27853F2837EAE700EDCBB7 /* MTSerialPortManager.swift */,
				DA434291283698CA00E8D555 /* MyTrains-Bridging-Header.h */,
				DAA83DF3272C37680075CBCD /* MyTrains.entitlements */,
				DA5B4608276F6CBF005CA03C /* Network.swift */,
				DAEA9CF6272D8DA900C9B3EC /* NetworkConstants.swift */,
				DA2E0E5D2736EAF300C7DA7A /* NetworkController.swift */,
				DAEA9CF9272D8FBE00C9B3EC /* NetworkMessage.swift */,
				DA7B4729273824F700BCD587 /* NetworkOutputQueueItem.swift */,
				DA2E0E54273591A600C7DA7A /* NetworkTurnoutOutputMessage.swift */,
				DA9807C42789AFE300F73ACD /* NMRA.swift */,
				DA467B9C281CAFDA00AB9650 /* NSColorExtensions.swift */,
				DA467B9E281CBAF900AB9650 /* NSRectExtensions.swift */,
				DA33FC2227AFFA1400630227 /* OpSwDecoderType.swift */,
				DA33FC1F27AFF9E500630227 /* OpSwDecoderType.xib */,
				DA77795427AEEBBC007EEBE9 /* OpSwTCV.swift */,
				DA77795227AEEB3A007EEBE9 /* OpSwTCV.xib */,
				DA6E28E0285F86B900772641 /* Orientation.swift */,
				DA6F3925274FD0C400A63FBF /* PeerXfer20.swift */,
				DA7A4911274AC25600C2A42B /* PeerXferMessage.swift */,
				DA08B430278734270001307C /* ProgramDecoderAddress.storyboard */,
				DA08B432278737530001307C /* ProgramDecoderAddressVC.swift */,
				DA8B5D18282FDE1800D39F07 /* ProgrammerMode.swift */,
				DA08B43627875FDD0001307C /* ProgSlotDataP1.swift */,
				DA28C2BE2801E46D00857471 /* QuerySlot1.swift */,
				DA28C2C22801EB9400857471 /* QuerySlot2.swift */,
				DA28C2C42801ED9700857471 /* QuerySlot3.swift */,
				DA28C2C62801EEA900857471 /* QuerySlot4.swift */,
				DA28C2C82801EF6500857471 /* QuerySlot5.swift */,
				DA2502B8282671600002D4AF /* RollingStock.swift */,
				DA1A04092856108900FFD25F /* RollingStockDecoderExtensions.swift */,
				DA434293283698CA00E8D555 /* SerialPort.c */,
				DA434292283698CA00E8D555 /* SerialPort.h */,
				DA95D6C42809C00600D9F1B6 /* SignalStrengthView.swift */,
				DA8AE0EC279B2CCB001E9311 /* SlotView.storyboard */,
				DA8AE0EF279B3074001E9311 /* SlotViewVC.swift */,
				DA1B79FA285F3AD0009E1189 /* UnitLength.swift */,
				DA1B79F8285F3885009E1189 /* UnitSpeed.swift */,
				DAB07497276EB6C3003278BE /* Sqlite.swift */,
				DA467BA2281D501300AB9650 /* SwitchBoardDefs.swift */,
				DA6E28DE285F827600772641 /* SwitchBoardItemPartType.swift */,
				DA467BAE281D5D2F00AB9650 /* SwitchBoardEditor.storyboard */,
				DA467BB0281D5ED400AB9650 /* SwitchBoardEditorVC.swift */,
				DA467BAA281D56A700AB9650 /* SwitchBoardEditorView.swift */,
				DA467BA6281D534900AB9650 /* SwitchBoardItem.swift */,
				DA1B79F4285F24B8009E1189 /* SwitchBoardItemPropertySheet.storyboard */,
				DA1B79F6285F2540009E1189 /* SwitchBoardItemPropertySheetVC.swift */,
				DA467BAC281D56BC00AB9650 /* SwitchBoardOperationsView.swift */,
				DAF5BCD8281EF086000B61CA /* SwitchBoardPanel.swift */,
				DA467BA4281D519700AB9650 /* SwitchBoardShape.swift */,
				DA467BB2281D60E400AB9650 /* SwitchBoardShapeButton.swift */,
				DA467BA8281D569300AB9650 /* SwitchBoardView.swift */,
				DA412E112780948900748CCD /* Throttle.storyboard */,
				DA412E13278099AF00748CCD /* ThrottleVC.swift */,
				DA8B5D16282FCE2700D39F07 /* TimeoutCode.swift */,
				DA6E28E2285F8F1A00772641 /* TrackElectrificationType.swift */,
				DA1B79FC285F3C5E009E1189 /* TrackGauge.swift */,
				DA6A0ADE2753B5CF00913F2B /* UserDefaults.swift */,
				DA1ECC9228439D4600C4F963 /* UpdateFirmware.storyboard */,
				DA1ECC9728439DE500C4F963 /* UpdateFirmwareVC.swift */,
				DA0946532843C06A00F1AB81 /* DMF.swift */,
			);
			path = MyTrains;
			sourceTree = "<group>";
		};
/* End PBXGroup section */

/* Begin PBXNativeTarget section */
		DAA83DE6272C37670075CBCD /* MyTrains */ = {
			isa = PBXNativeTarget;
			buildConfigurationList = DAA83DF6272C37680075CBCD /* Build configuration list for PBXNativeTarget "MyTrains" */;
			buildPhases = (
				DAA83DE3272C37670075CBCD /* Sources */,
				DAA83DE4272C37670075CBCD /* Frameworks */,
				DAA83DE5272C37670075CBCD /* Resources */,
			);
			buildRules = (
			);
			dependencies = (
			);
			name = MyTrains;
			packageProductDependencies = (
			);
			productName = MyTrains;
			productReference = DAA83DE7272C37670075CBCD /* MyTrains.app */;
			productType = "com.apple.product-type.application";
		};
/* End PBXNativeTarget section */

/* Begin PBXProject section */
		DAA83DDF272C37670075CBCD /* Project object */ = {
			isa = PBXProject;
			attributes = {
				BuildIndependentTargetsInParallel = 1;
				LastSwiftUpdateCheck = 1310;
				LastUpgradeCheck = 1340;
				TargetAttributes = {
					DAA83DE6272C37670075CBCD = {
						CreatedOnToolsVersion = 13.1;
						LastSwiftMigration = 1340;
					};
				};
			};
			buildConfigurationList = DAA83DE2272C37670075CBCD /* Build configuration list for PBXProject "MyTrains" */;
			compatibilityVersion = "Xcode 13.0";
			developmentRegion = en;
			hasScannedForEncodings = 0;
			knownRegions = (
				en,
				Base,
			);
			mainGroup = DAA83DDE272C37670075CBCD;
			packageReferences = (
			);
			productRefGroup = DAA83DE8272C37670075CBCD /* Products */;
			projectDirPath = "";
			projectRoot = "";
			targets = (
				DAA83DE6272C37670075CBCD /* MyTrains */,
			);
		};
/* End PBXProject section */

/* Begin PBXResourcesBuildPhase section */
		DAA83DE5272C37670075CBCD /* Resources */ = {
			isa = PBXResourcesBuildPhase;
			buildActionMask = 2147483647;
			files = (
				DAA83DEF272C37680075CBCD /* Assets.xcassets in Resources */,
				DA1DA5E52827E95A00E0F993 /* EditInterfaces.storyboard in Resources */,
				DA5B4603276F5993005CA03C /* EditNetworks.storyboard in Resources */,
				DA77795327AEEB3A007EEBE9 /* OpSwTCV.xib in Resources */,
				DA1ECC9328439D4600C4F963 /* UpdateFirmware.storyboard in Resources */,
				DA8837702770B35B000B9A41 /* EditLayouts.storyboard in Resources */,
				DA8AE0ED279B2CCB001E9311 /* SlotView.storyboard in Resources */,
				DA28C2BA2801CC0300857471 /* DashBoard.storyboard in Resources */,
				DA88377A2770B726000B9A41 /* EditTrains.storyboard in Resources */,
				DA6A0AD8275295BF00913F2B /* Monitor.storyboard in Resources */,
				DA467BAF281D5D2F00AB9650 /* SwitchBoardEditor.storyboard in Resources */,
				DA1B79F5285F24B8009E1189 /* SwitchBoardItemPropertySheet.storyboard in Resources */,
				DA88377C2770B73A000B9A41 /* EditSensors.storyboard in Resources */,
				DA08B431278734270001307C /* ProgramDecoderAddress.storyboard in Resources */,
				DA95D6BF28083E9800D9F1B6 /* GroupSetup.storyboard in Resources */,
				DAA83DF2272C37680075CBCD /* Main.storyboard in Resources */,
				DA8837762770B6F8000B9A41 /* EditLocomotives.storyboard in Resources */,
				DA33FC2027AFF9E500630227 /* OpSwDecoderType.xib in Resources */,
				DA412E122780948900748CCD /* Throttle.storyboard in Resources */,
				DA77794F27AEE087007EEBE9 /* CommandStationConfiguration.storyboard in Resources */,
				DA88378C2770FBEC000B9A41 /* DBEditorView.xib in Resources */,
				DA88377E2770B74E000B9A41 /* EditSwitches.storyboard in Resources */,
				DA8837782770B715000B9A41 /* EditWagons.storyboard in Resources */,
			);
			runOnlyForDeploymentPostprocessing = 0;
		};
/* End PBXResourcesBuildPhase section */

/* Begin PBXSourcesBuildPhase section */
		DAA83DE3272C37670075CBCD /* Sources */ = {
			isa = PBXSourcesBuildPhase;
			buildActionMask = 2147483647;
			files = (
				DA7A4910274A89FE00C2A42B /* FastClockMessage.swift in Sources */,
				DA1B79FD285F3C5E009E1189 /* TrackGauge.swift in Sources */,
				DA2E0E55273591A600C7DA7A /* NetworkTurnoutOutputMessage.swift in Sources */,
				DA840BCE2794727F00944562 /* FNTableViewDS.swift in Sources */,
				DA2E4988282899AF00C25162 /* DBEditorView.swift in Sources */,
				DA8FDB2A279C2B3600E15024 /* LocoSlotData.swift in Sources */,
				DA2E0E5E2736EAF300C7DA7A /* NetworkController.swift in Sources */,
				DA1B79FB285F3AD0009E1189 /* UnitLength.swift in Sources */,
				DA0197252773500100350F71 /* ComboBoxDictDS.swift in Sources */,
				DA8AE0F0279B3074001E9311 /* SlotViewVC.swift in Sources */,
				DA08B43727875FDD0001307C /* ProgSlotDataP1.swift in Sources */,
				DA6E28E5285F925C00772641 /* BlockDirection.swift in Sources */,
				DA467B9D281CAFDA00AB9650 /* NSColorExtensions.swift in Sources */,
				DA3AEF442788B33F00FF91D4 /* CVTableViewDS.swift in Sources */,
				DAFD69832840FCF50028E7D3 /* InterfaceCommandStationExtensions.swift in Sources */,
				DA77795527AEEBBC007EEBE9 /* OpSwTCV.swift in Sources */,
				DA467B9F281CBAF900AB9650 /* NSRectExtensions.swift in Sources */,
				DA8B5D1D282FE31600D39F07 /* InterfaceDelegate.swift in Sources */,
				DA95D6C12808412200D9F1B6 /* DuplexData.swift in Sources */,
				DA467BB3281D60E400AB9650 /* SwitchBoardShapeButton.swift in Sources */,
				DA7B472A273824F700BCD587 /* NetworkOutputQueueItem.swift in Sources */,
				DA08B433278737540001307C /* ProgramDecoderAddressVC.swift in Sources */,
				DA6F3926274FD0C400A63FBF /* PeerXfer20.swift in Sources */,
				DA4342962836996800E8D555 /* MTSerialPort.swift in Sources */,
				DA1B79F7285F2540009E1189 /* SwitchBoardItemPropertySheetVC.swift in Sources */,
				DA6A0ADF2753B5CF00913F2B /* UserDefaults.swift in Sources */,
				DA6A0AE12753D50A00913F2B /* GlobalVariables.swift in Sources */,
				DAB07498276EB6C3003278BE /* Sqlite.swift in Sources */,
				DA8837822770B77C000B9A41 /* EditWagonsVC.swift in Sources */,
				DA8B5D19282FDE1800D39F07 /* ProgrammerMode.swift in Sources */,
				DA6E28E3285F8F1A00772641 /* TrackElectrificationType.swift in Sources */,
				DA28C2C92801EF6500857471 /* QuerySlot5.swift in Sources */,
				DA467BAB281D56A700AB9650 /* SwitchBoardEditorView.swift in Sources */,
				DA1B79F9285F3885009E1189 /* UnitSpeed.swift in Sources */,
				DAA83DED272C37670075CBCD /* MainVC.swift in Sources */,
				DA3AEF422788855800FF91D4 /* DecoderCV.swift in Sources */,
				DA33FC2327AFFA1400630227 /* OpSwDecoderType.swift in Sources */,
				DA28C2BF2801E46D00857471 /* QuerySlot1.swift in Sources */,
				DA77794C27AEA029007EEBE9 /* OptionSwitch.swift in Sources */,
				DA7B4727273803BA00BCD587 /* Locomotive.swift in Sources */,
				DAB4FF5E2854F8CF00D74920 /* LocomotiveType.swift in Sources */,
				DAA83DEB272C37670075CBCD /* AppDelegate.swift in Sources */,
				DA8FDB2D279C4AC000E15024 /* LocoSlotTableViewDS.swift in Sources */,
				DA8837862770B79F000B9A41 /* EditSensorsVC.swift in Sources */,
				DA53B250276E360500AB956C /* CommandStation.swift in Sources */,
				DA95D6BD280833FE00D9F1B6 /* GroupSetupVC.swift in Sources */,
				DA2502B9282671600002D4AF /* RollingStock.swift in Sources */,
				DA467BAD281D56BC00AB9650 /* SwitchBoardOperationsView.swift in Sources */,
				DA7A4912274AC25600C2A42B /* PeerXferMessage.swift in Sources */,
				DA77795127AEE0E5007EEBE9 /* CommandStationConfigurationVC.swift in Sources */,
				DA28C2C72801EEA900857471 /* QuerySlot4.swift in Sources */,
				DA3CD9F2277DEF990065D0C4 /* Interface.swift in Sources */,
				DA8B5D14282FC35E00D39F07 /* InterfaceExtensions.swift in Sources */,
				DA6A0ADA2752976800913F2B /* MonitorVC.swift in Sources */,
				DA5E173E272EB23100F9341F /* LoconetSensorMessage.swift in Sources */,
				DA467BB1281D5ED400AB9650 /* SwitchBoardEditorVC.swift in Sources */,
				DA0197272773520400350F71 /* EditorObject.swift in Sources */,
				DAEA9CF7272D8DA900C9B3EC /* NetworkConstants.swift in Sources */,
				DA2E0E5A2736B8AA00C7DA7A /* LoconetRequestSlotDataMessage.swift in Sources */,
				DA2785402837EAE700EDCBB7 /* MTSerialPortManager.swift in Sources */,
				DA77795727AEF2E5007EEBE9 /* CSConfigurationTableViewDS.swift in Sources */,
				DA467BA7281D534900AB9650 /* SwitchBoardItem.swift in Sources */,
				DA5B4607276F6917005CA03C /* ComboBoxDBDS.swift in Sources */,
				DA359850278219A400B81AD3 /* LocoSlotDataP2.swift in Sources */,
				DAE9DBB728258E12004BC75D /* LocoNetProducts.swift in Sources */,
				DAA867C627933265008B6EEC /* CSVParser.swift in Sources */,
				DA0946562843EB4100F1AB81 /* InterfaceIPLExtensions.swift in Sources */,
				DA53B252276E478400AB956C /* IPLDevData.swift in Sources */,
				DA5B4609276F6CBF005CA03C /* Network.swift in Sources */,
				DAA867C427930C62008B6EEC /* IntExtensions.swift in Sources */,
				DA2E0E5827359ED300C7DA7A /* Ack.swift in Sources */,
				DA28C2BD2801CC4800857471 /* DashBoardVC.swift in Sources */,
				DA1ECC9828439DE500C4F963 /* UpdateFirmwareVC.swift in Sources */,
				DA5E1743272EDA5B00F9341F /* LocoSlotDataP1.swift in Sources */,
				DA1DA5EC28280FCD00E0F993 /* FlowControl.swift in Sources */,
				DAEA9CFA272D8FBE00C9B3EC /* NetworkMessage.swift in Sources */,
				DA28C2C32801EB9400857471 /* QuerySlot2.swift in Sources */,
				DA1A040A2856108900FFD25F /* RollingStockDecoderExtensions.swift in Sources */,
				DA8837842770B78C000B9A41 /* EditTrainsVC.swift in Sources */,
				DA6A0ADC27529D6600913F2B /* ModalWindow.swift in Sources */,
				DA467BA3281D501300AB9650 /* SwitchBoardDefs.swift in Sources */,
				DA5550EA28392A6B00C4FE4E /* ProductCode.swift in Sources */,
				DA467BA5281D519700AB9650 /* SwitchBoardShape.swift in Sources */,
				DA5B4601276F4E38005CA03C /* DatabaseConstants.swift in Sources */,
				DA1DA5EA28280EEE00E0F993 /* BaudRate.swift in Sources */,
				DA412E162780DC3C00748CCD /* DecoderFunction.swift in Sources */,
				DADBBFEA285DF36700426CD5 /* LayoutSwitchBoardExtensions.swift in Sources */,
				DA8B5D1B282FE23900D39F07 /* MessageTiming.swift in Sources */,
				DA28C2C52801ED9700857471 /* QuerySlot3.swift in Sources */,
				DA434294283698CA00E8D555 /* SerialPort.c in Sources */,
				DA0DA27A2779E96B00E4F23C /* Layout.swift in Sources */,
				DA467BA9281D569300AB9650 /* SwitchBoardView.swift in Sources */,
				DA6E28DF285F827600772641 /* SwitchBoardItemPartType.swift in Sources */,
				DA0946542843C06A00F1AB81 /* DMF.swift in Sources */,
				DA8837802770B768000B9A41 /* EditLocomotivesVC.swift in Sources */,
				DAB0749A276EB8B1003278BE /* Database.swift in Sources */,
				DA412E14278099AF00748CCD /* ThrottleVC.swift in Sources */,
				DA1DA5E82827EA6700E0F993 /* EditInterfacesVC.swift in Sources */,
				DA8837882770B7B2000B9A41 /* EditSwitchesVC.swift in Sources */,
				DA9807C52789AFE300F73ACD /* NMRA.swift in Sources */,
				DA6E28E1285F86B900772641 /* Orientation.swift in Sources */,
				DA95D6C52809C00600D9F1B6 /* SignalStrengthView.swift in Sources */,
				DA28E5892824943200E1604C /* LocoNetDevice.swift in Sources */,
				DA5E1741272ED2DF00F9341F /* LoconetSwitchRequestMessage.swift in Sources */,
				DAF5BCD9281EF086000B61CA /* SwitchBoardPanel.swift in Sources */,
				DA8837722770B371000B9A41 /* EditLayoutsVC.swift in Sources */,
				DA8B5D17282FCE2700D39F07 /* TimeoutCode.swift in Sources */,
				DA5B4605276F62D5005CA03C /* EditNetworksVC.swift in Sources */,
			);
			runOnlyForDeploymentPostprocessing = 0;
		};
/* End PBXSourcesBuildPhase section */

/* Begin PBXVariantGroup section */
		DAA83DF0272C37680075CBCD /* Main.storyboard */ = {
			isa = PBXVariantGroup;
			children = (
				DAA83DF1272C37680075CBCD /* Base */,
			);
			name = Main.storyboard;
			sourceTree = "<group>";
		};
/* End PBXVariantGroup section */

/* Begin XCBuildConfiguration section */
		DAA83DF4272C37680075CBCD /* Debug */ = {
			isa = XCBuildConfiguration;
			buildSettings = {
				ALWAYS_SEARCH_USER_PATHS = NO;
				CLANG_ANALYZER_NONNULL = YES;
				CLANG_ANALYZER_NUMBER_OBJECT_CONVERSION = YES_AGGRESSIVE;
				CLANG_CXX_LANGUAGE_STANDARD = "gnu++17";
				CLANG_CXX_LIBRARY = "libc++";
				CLANG_ENABLE_MODULES = YES;
				CLANG_ENABLE_OBJC_ARC = YES;
				CLANG_ENABLE_OBJC_WEAK = YES;
				CLANG_WARN_BLOCK_CAPTURE_AUTORELEASING = YES;
				CLANG_WARN_BOOL_CONVERSION = YES;
				CLANG_WARN_COMMA = YES;
				CLANG_WARN_CONSTANT_CONVERSION = YES;
				CLANG_WARN_DEPRECATED_OBJC_IMPLEMENTATIONS = YES;
				CLANG_WARN_DIRECT_OBJC_ISA_USAGE = YES_ERROR;
				CLANG_WARN_DOCUMENTATION_COMMENTS = YES;
				CLANG_WARN_EMPTY_BODY = YES;
				CLANG_WARN_ENUM_CONVERSION = YES;
				CLANG_WARN_INFINITE_RECURSION = YES;
				CLANG_WARN_INT_CONVERSION = YES;
				CLANG_WARN_NON_LITERAL_NULL_CONVERSION = YES;
				CLANG_WARN_OBJC_IMPLICIT_RETAIN_SELF = YES;
				CLANG_WARN_OBJC_LITERAL_CONVERSION = YES;
				CLANG_WARN_OBJC_ROOT_CLASS = YES_ERROR;
				CLANG_WARN_QUOTED_INCLUDE_IN_FRAMEWORK_HEADER = YES;
				CLANG_WARN_RANGE_LOOP_ANALYSIS = YES;
				CLANG_WARN_STRICT_PROTOTYPES = YES;
				CLANG_WARN_SUSPICIOUS_MOVE = YES;
				CLANG_WARN_UNGUARDED_AVAILABILITY = YES_AGGRESSIVE;
				CLANG_WARN_UNREACHABLE_CODE = YES;
				CLANG_WARN__DUPLICATE_METHOD_MATCH = YES;
				COPY_PHASE_STRIP = NO;
				DEBUG_INFORMATION_FORMAT = dwarf;
				ENABLE_STRICT_OBJC_MSGSEND = YES;
				ENABLE_TESTABILITY = YES;
				GCC_C_LANGUAGE_STANDARD = gnu11;
				GCC_DYNAMIC_NO_PIC = NO;
				GCC_NO_COMMON_BLOCKS = YES;
				GCC_OPTIMIZATION_LEVEL = 0;
				GCC_PREPROCESSOR_DEFINITIONS = (
					"DEBUG=1",
					"$(inherited)",
				);
				GCC_WARN_64_TO_32_BIT_CONVERSION = YES;
				GCC_WARN_ABOUT_RETURN_TYPE = YES_ERROR;
				GCC_WARN_UNDECLARED_SELECTOR = YES;
				GCC_WARN_UNINITIALIZED_AUTOS = YES_AGGRESSIVE;
				GCC_WARN_UNUSED_FUNCTION = YES;
				GCC_WARN_UNUSED_VARIABLE = YES;
				MACOSX_DEPLOYMENT_TARGET = 10.15;
				MTL_ENABLE_DEBUG_INFO = INCLUDE_SOURCE;
				MTL_FAST_MATH = YES;
				ONLY_ACTIVE_ARCH = YES;
				SDKROOT = macosx;
				SWIFT_ACTIVE_COMPILATION_CONDITIONS = DEBUG;
				SWIFT_OPTIMIZATION_LEVEL = "-Onone";
			};
			name = Debug;
		};
		DAA83DF5272C37680075CBCD /* Release */ = {
			isa = XCBuildConfiguration;
			buildSettings = {
				ALWAYS_SEARCH_USER_PATHS = NO;
				CLANG_ANALYZER_NONNULL = YES;
				CLANG_ANALYZER_NUMBER_OBJECT_CONVERSION = YES_AGGRESSIVE;
				CLANG_CXX_LANGUAGE_STANDARD = "gnu++17";
				CLANG_CXX_LIBRARY = "libc++";
				CLANG_ENABLE_MODULES = YES;
				CLANG_ENABLE_OBJC_ARC = YES;
				CLANG_ENABLE_OBJC_WEAK = YES;
				CLANG_WARN_BLOCK_CAPTURE_AUTORELEASING = YES;
				CLANG_WARN_BOOL_CONVERSION = YES;
				CLANG_WARN_COMMA = YES;
				CLANG_WARN_CONSTANT_CONVERSION = YES;
				CLANG_WARN_DEPRECATED_OBJC_IMPLEMENTATIONS = YES;
				CLANG_WARN_DIRECT_OBJC_ISA_USAGE = YES_ERROR;
				CLANG_WARN_DOCUMENTATION_COMMENTS = YES;
				CLANG_WARN_EMPTY_BODY = YES;
				CLANG_WARN_ENUM_CONVERSION = YES;
				CLANG_WARN_INFINITE_RECURSION = YES;
				CLANG_WARN_INT_CONVERSION = YES;
				CLANG_WARN_NON_LITERAL_NULL_CONVERSION = YES;
				CLANG_WARN_OBJC_IMPLICIT_RETAIN_SELF = YES;
				CLANG_WARN_OBJC_LITERAL_CONVERSION = YES;
				CLANG_WARN_OBJC_ROOT_CLASS = YES_ERROR;
				CLANG_WARN_QUOTED_INCLUDE_IN_FRAMEWORK_HEADER = YES;
				CLANG_WARN_RANGE_LOOP_ANALYSIS = YES;
				CLANG_WARN_STRICT_PROTOTYPES = YES;
				CLANG_WARN_SUSPICIOUS_MOVE = YES;
				CLANG_WARN_UNGUARDED_AVAILABILITY = YES_AGGRESSIVE;
				CLANG_WARN_UNREACHABLE_CODE = YES;
				CLANG_WARN__DUPLICATE_METHOD_MATCH = YES;
				COPY_PHASE_STRIP = NO;
				DEBUG_INFORMATION_FORMAT = "dwarf-with-dsym";
				ENABLE_NS_ASSERTIONS = NO;
				ENABLE_STRICT_OBJC_MSGSEND = YES;
				GCC_C_LANGUAGE_STANDARD = gnu11;
				GCC_NO_COMMON_BLOCKS = YES;
				GCC_WARN_64_TO_32_BIT_CONVERSION = YES;
				GCC_WARN_ABOUT_RETURN_TYPE = YES_ERROR;
				GCC_WARN_UNDECLARED_SELECTOR = YES;
				GCC_WARN_UNINITIALIZED_AUTOS = YES_AGGRESSIVE;
				GCC_WARN_UNUSED_FUNCTION = YES;
				GCC_WARN_UNUSED_VARIABLE = YES;
				MACOSX_DEPLOYMENT_TARGET = 10.15;
				MTL_ENABLE_DEBUG_INFO = NO;
				MTL_FAST_MATH = YES;
				ONLY_ACTIVE_ARCH = YES;
				SDKROOT = macosx;
				SWIFT_COMPILATION_MODE = wholemodule;
				SWIFT_OPTIMIZATION_LEVEL = "-O";
			};
			name = Release;
		};
		DAA83DF7272C37680075CBCD /* Debug */ = {
			isa = XCBuildConfiguration;
			buildSettings = {
				ASSETCATALOG_COMPILER_APPICON_NAME = AppIcon;
				ASSETCATALOG_COMPILER_GLOBAL_ACCENT_COLOR_NAME = AccentColor;
				CLANG_ENABLE_MODULES = YES;
				CODE_SIGN_ENTITLEMENTS = MyTrains/MyTrains.entitlements;
				CODE_SIGN_IDENTITY = "Apple Development";
				CODE_SIGN_STYLE = Automatic;
				COMBINE_HIDPI_IMAGES = YES;
				CURRENT_PROJECT_VERSION = 1;
				DEVELOPMENT_TEAM = DKK8LC6ZQC;
				ENABLE_HARDENED_RUNTIME = YES;
				GENERATE_INFOPLIST_FILE = YES;
				INFOPLIST_KEY_LSApplicationCategoryType = "public.app-category.entertainment";
				INFOPLIST_KEY_NSHumanReadableCopyright = "";
				INFOPLIST_KEY_NSMainStoryboardFile = Main;
				INFOPLIST_KEY_NSPrincipalClass = NSApplication;
				LD_RUNPATH_SEARCH_PATHS = (
					"$(inherited)",
					"@executable_path/../Frameworks",
				);
				MACOSX_DEPLOYMENT_TARGET = 10.15;
				MARKETING_VERSION = 1.0;
				PRODUCT_BUNDLE_IDENTIFIER = Oswalds.MyTrains;
				PRODUCT_NAME = "$(TARGET_NAME)";
				SWIFT_EMIT_LOC_STRINGS = YES;
				SWIFT_OBJC_BRIDGING_HEADER = "MyTrains/MyTrains-Bridging-Header.h";
				SWIFT_OPTIMIZATION_LEVEL = "-Onone";
				SWIFT_VERSION = 5.0;
			};
			name = Debug;
		};
		DAA83DF8272C37680075CBCD /* Release */ = {
			isa = XCBuildConfiguration;
			buildSettings = {
				ASSETCATALOG_COMPILER_APPICON_NAME = AppIcon;
				ASSETCATALOG_COMPILER_GLOBAL_ACCENT_COLOR_NAME = AccentColor;
				CLANG_ENABLE_MODULES = YES;
				CODE_SIGN_ENTITLEMENTS = MyTrains/MyTrains.entitlements;
				CODE_SIGN_IDENTITY = "Apple Development";
				CODE_SIGN_STYLE = Automatic;
				COMBINE_HIDPI_IMAGES = YES;
				CURRENT_PROJECT_VERSION = 1;
				DEVELOPMENT_TEAM = DKK8LC6ZQC;
				ENABLE_HARDENED_RUNTIME = YES;
				GENERATE_INFOPLIST_FILE = YES;
				INFOPLIST_KEY_LSApplicationCategoryType = "public.app-category.entertainment";
				INFOPLIST_KEY_NSHumanReadableCopyright = "";
				INFOPLIST_KEY_NSMainStoryboardFile = Main;
				INFOPLIST_KEY_NSPrincipalClass = NSApplication;
				LD_RUNPATH_SEARCH_PATHS = (
					"$(inherited)",
					"@executable_path/../Frameworks",
				);
				MACOSX_DEPLOYMENT_TARGET = 10.15;
				MARKETING_VERSION = 1.0;
				PRODUCT_BUNDLE_IDENTIFIER = Oswalds.MyTrains;
				PRODUCT_NAME = "$(TARGET_NAME)";
				SWIFT_EMIT_LOC_STRINGS = YES;
				SWIFT_OBJC_BRIDGING_HEADER = "MyTrains/MyTrains-Bridging-Header.h";
				SWIFT_VERSION = 5.0;
			};
			name = Release;
		};
/* End XCBuildConfiguration section */

/* Begin XCConfigurationList section */
		DAA83DE2272C37670075CBCD /* Build configuration list for PBXProject "MyTrains" */ = {
			isa = XCConfigurationList;
			buildConfigurations = (
				DAA83DF4272C37680075CBCD /* Debug */,
				DAA83DF5272C37680075CBCD /* Release */,
			);
			defaultConfigurationIsVisible = 0;
			defaultConfigurationName = Release;
		};
		DAA83DF6272C37680075CBCD /* Build configuration list for PBXNativeTarget "MyTrains" */ = {
			isa = XCConfigurationList;
			buildConfigurations = (
				DAA83DF7272C37680075CBCD /* Debug */,
				DAA83DF8272C37680075CBCD /* Release */,
			);
			defaultConfigurationIsVisible = 0;
			defaultConfigurationName = Release;
		};
/* End XCConfigurationList section */
	};
	rootObject = DAA83DDF272C37670075CBCD /* Project object */;
}
